// !$*UTF8*$!
{
	archiveVersion = 1;
	classes = {
	};
	objectVersion = 46;
	objects = {

/* Begin PBXBuildFile section */
		4C014A00145DAD0200293E72 /* LoginViewController.m in Sources */ = {isa = PBXBuildFile; fileRef = 4C0149FE145DAD0200293E72 /* LoginViewController.m */; };
		4C014A01145DAD0200293E72 /* LoginViewController.xib in Resources */ = {isa = PBXBuildFile; fileRef = 4C0149FF145DAD0200293E72 /* LoginViewController.xib */; };
		4C014A06145DBE4C00293E72 /* UserProfileViewController.m in Sources */ = {isa = PBXBuildFile; fileRef = 4C014A04145DBE4B00293E72 /* UserProfileViewController.m */; };
		4C014A07145DBE4C00293E72 /* UserProfileViewController.xib in Resources */ = {isa = PBXBuildFile; fileRef = 4C014A05145DBE4B00293E72 /* UserProfileViewController.xib */; };
		4C9C4ED91471B4E500719E0E /* LoginCheck.m in Sources */ = {isa = PBXBuildFile; fileRef = 4C9C4ED81471B4E500719E0E /* LoginCheck.m */; };
		6D0F9A921475849000D0C59F /* UserRegisterTask.m in Sources */ = {isa = PBXBuildFile; fileRef = 6D0F9A911475849000D0C59F /* UserRegisterTask.m */; };
		6D0F9AAF14799CE900D0C59F /* house_orange.png in Resources */ = {isa = PBXBuildFile; fileRef = 6D0F9AAC14799CE900D0C59F /* house_orange.png */; };
		6D0F9AB014799CE900D0C59F /* house_red.png in Resources */ = {isa = PBXBuildFile; fileRef = 6D0F9AAD14799CE900D0C59F /* house_red.png */; };
		6D0F9AB31479A15400D0C59F /* house_green_selected.png in Resources */ = {isa = PBXBuildFile; fileRef = 6D0F9AB21479A15400D0C59F /* house_green_selected.png */; };
		6D129CA6146D47EF00CE52F5 /* plate.png in Resources */ = {isa = PBXBuildFile; fileRef = 6D129CA5146D47EF00CE52F5 /* plate.png */; };
		6D368F7714632E15003113C5 /* tab_user.png in Resources */ = {isa = PBXBuildFile; fileRef = 6D368F7414632E15003113C5 /* tab_user.png */; };
		6D368F7814632E15003113C5 /* tab_portfolio.png in Resources */ = {isa = PBXBuildFile; fileRef = 6D368F7514632E15003113C5 /* tab_portfolio.png */; };
		6D368F7914632E15003113C5 /* tab_map.png in Resources */ = {isa = PBXBuildFile; fileRef = 6D368F7614632E15003113C5 /* tab_map.png */; };
		6D7BC32E146C50160033D3FE /* house_green.png in Resources */ = {isa = PBXBuildFile; fileRef = 6D7BC32D146C50160033D3FE /* house_green.png */; };
		6DA75CB3145C12580079B32C /* ASIAuthenticationDialog.m in Sources */ = {isa = PBXBuildFile; fileRef = 6DA75C62145C12580079B32C /* ASIAuthenticationDialog.m */; };
		6DA75CB4145C12580079B32C /* ASIDataCompressor.m in Sources */ = {isa = PBXBuildFile; fileRef = 6DA75C65145C12580079B32C /* ASIDataCompressor.m */; };
		6DA75CB5145C12580079B32C /* ASIDataDecompressor.m in Sources */ = {isa = PBXBuildFile; fileRef = 6DA75C67145C12580079B32C /* ASIDataDecompressor.m */; };
		6DA75CB6145C12580079B32C /* ASIDownloadCache.m in Sources */ = {isa = PBXBuildFile; fileRef = 6DA75C69145C12580079B32C /* ASIDownloadCache.m */; };
		6DA75CB7145C12580079B32C /* ASIFormDataRequest.m in Sources */ = {isa = PBXBuildFile; fileRef = 6DA75C6B145C12580079B32C /* ASIFormDataRequest.m */; };
		6DA75CB8145C12580079B32C /* ASIHTTPRequest.m in Sources */ = {isa = PBXBuildFile; fileRef = 6DA75C6D145C12580079B32C /* ASIHTTPRequest.m */; };
		6DA75CB9145C12580079B32C /* ASIInputStream.m in Sources */ = {isa = PBXBuildFile; fileRef = 6DA75C71145C12580079B32C /* ASIInputStream.m */; };
		6DA75CBA145C12580079B32C /* ASINetworkQueue.m in Sources */ = {isa = PBXBuildFile; fileRef = 6DA75C73145C12580079B32C /* ASINetworkQueue.m */; };
		6DA75D00145C12EB0079B32C /* NSData+Base64.m in Sources */ = {isa = PBXBuildFile; fileRef = 6DA75CEB145C12EB0079B32C /* NSData+Base64.m */; };
		6DA75D01145C12EC0079B32C /* NSMutableURLRequest+Parameters.m in Sources */ = {isa = PBXBuildFile; fileRef = 6DA75CED145C12EB0079B32C /* NSMutableURLRequest+Parameters.m */; };
		6DA75D02145C12EC0079B32C /* NSString+URLEncoding.m in Sources */ = {isa = PBXBuildFile; fileRef = 6DA75CEF145C12EB0079B32C /* NSString+URLEncoding.m */; };
		6DA75D03145C12EC0079B32C /* NSURL+Base.m in Sources */ = {isa = PBXBuildFile; fileRef = 6DA75CF1145C12EB0079B32C /* NSURL+Base.m */; };
		6DA75D04145C12EC0079B32C /* OAConsumer.m in Sources */ = {isa = PBXBuildFile; fileRef = 6DA75CF3145C12EB0079B32C /* OAConsumer.m */; };
		6DA75D05145C12EC0079B32C /* OAHMAC_SHA1SignatureProvider.m in Sources */ = {isa = PBXBuildFile; fileRef = 6DA75CF5145C12EB0079B32C /* OAHMAC_SHA1SignatureProvider.m */; };
		6DA75D06145C12EC0079B32C /* OAMutableURLRequest.m in Sources */ = {isa = PBXBuildFile; fileRef = 6DA75CF7145C12EB0079B32C /* OAMutableURLRequest.m */; };
		6DA75D07145C12EC0079B32C /* OAPlaintextSignatureProvider.m in Sources */ = {isa = PBXBuildFile; fileRef = 6DA75CF9145C12EB0079B32C /* OAPlaintextSignatureProvider.m */; };
		6DA75D08145C12EC0079B32C /* OARequestParameter.m in Sources */ = {isa = PBXBuildFile; fileRef = 6DA75CFB145C12EB0079B32C /* OARequestParameter.m */; };
		6DA75D09145C12EC0079B32C /* OATestServer.rb in Resources */ = {isa = PBXBuildFile; fileRef = 6DA75CFD145C12EB0079B32C /* OATestServer.rb */; };
		6DA75D0A145C12EC0079B32C /* XOAConsumer.m in Sources */ = {isa = PBXBuildFile; fileRef = 6DA75CFF145C12EB0079B32C /* XOAConsumer.m */; };
		6DA75D0E145C14180079B32C /* Reachability.m in Sources */ = {isa = PBXBuildFile; fileRef = 6DA75D0D145C14180079B32C /* Reachability.m */; };
		6DA75D29145C15BF0079B32C /* NSObject+SBJson.m in Sources */ = {isa = PBXBuildFile; fileRef = 6DA75D11145C15BF0079B32C /* NSObject+SBJson.m */; };
		6DA75D2A145C15BF0079B32C /* SBJsonParser.m in Sources */ = {isa = PBXBuildFile; fileRef = 6DA75D14145C15BF0079B32C /* SBJsonParser.m */; };
		6DA75D2B145C15BF0079B32C /* SBJsonStreamParser.m in Sources */ = {isa = PBXBuildFile; fileRef = 6DA75D16145C15BF0079B32C /* SBJsonStreamParser.m */; };
		6DA75D2C145C15BF0079B32C /* SBJsonStreamParserAccumulator.m in Sources */ = {isa = PBXBuildFile; fileRef = 6DA75D18145C15BF0079B32C /* SBJsonStreamParserAccumulator.m */; };
		6DA75D2D145C15BF0079B32C /* SBJsonStreamParserAdapter.m in Sources */ = {isa = PBXBuildFile; fileRef = 6DA75D1A145C15BF0079B32C /* SBJsonStreamParserAdapter.m */; };
		6DA75D2E145C15BF0079B32C /* SBJsonStreamParserState.m in Sources */ = {isa = PBXBuildFile; fileRef = 6DA75D1C145C15BF0079B32C /* SBJsonStreamParserState.m */; };
		6DA75D2F145C15BF0079B32C /* SBJsonStreamWriter.m in Sources */ = {isa = PBXBuildFile; fileRef = 6DA75D1E145C15BF0079B32C /* SBJsonStreamWriter.m */; };
		6DA75D30145C15BF0079B32C /* SBJsonStreamWriterAccumulator.m in Sources */ = {isa = PBXBuildFile; fileRef = 6DA75D20145C15BF0079B32C /* SBJsonStreamWriterAccumulator.m */; };
		6DA75D31145C15BF0079B32C /* SBJsonStreamWriterState.m in Sources */ = {isa = PBXBuildFile; fileRef = 6DA75D22145C15BF0079B32C /* SBJsonStreamWriterState.m */; };
		6DA75D32145C15BF0079B32C /* SBJsonTokeniser.m in Sources */ = {isa = PBXBuildFile; fileRef = 6DA75D24145C15BF0079B32C /* SBJsonTokeniser.m */; };
		6DA75D33145C15BF0079B32C /* SBJsonUTF8Stream.m in Sources */ = {isa = PBXBuildFile; fileRef = 6DA75D26145C15BF0079B32C /* SBJsonUTF8Stream.m */; };
		6DA75D34145C15BF0079B32C /* SBJsonWriter.m in Sources */ = {isa = PBXBuildFile; fileRef = 6DA75D28145C15BF0079B32C /* SBJsonWriter.m */; };
		6DA75D99145C4B180079B32C /* PortfolioCell.xib in Resources */ = {isa = PBXBuildFile; fileRef = 6DA75D97145C4B170079B32C /* PortfolioCell.xib */; };
		6DBCBDC8146B214300545897 /* HistoryViewController.m in Sources */ = {isa = PBXBuildFile; fileRef = 6DBCBDC6146B214200545897 /* HistoryViewController.m */; };
		6DBCBDC9146B214300545897 /* HistoryViewController.xib in Resources */ = {isa = PBXBuildFile; fileRef = 6DBCBDC7146B214300545897 /* HistoryViewController.xib */; };
		6DBCBDCC146B229400545897 /* HistoryCell.xib in Resources */ = {isa = PBXBuildFile; fileRef = 6DBCBDCB146B229400545897 /* HistoryCell.xib */; };
		6DBCBDCE146B326B00545897 /* tab_history.png in Resources */ = {isa = PBXBuildFile; fileRef = 6DBCBDCD146B326B00545897 /* tab_history.png */; };
		D22F594C14793BEB008918A9 /* Settings.bundle in Resources */ = {isa = PBXBuildFile; fileRef = D22F594B14793BEB008918A9 /* Settings.bundle */; };
		D24E7641145834DA003C91A8 /* UIKit.framework in Frameworks */ = {isa = PBXBuildFile; fileRef = D24E7640145834DA003C91A8 /* UIKit.framework */; };
		D24E7643145834DA003C91A8 /* Foundation.framework in Frameworks */ = {isa = PBXBuildFile; fileRef = D24E7642145834DA003C91A8 /* Foundation.framework */; };
		D24E7645145834DA003C91A8 /* CoreGraphics.framework in Frameworks */ = {isa = PBXBuildFile; fileRef = D24E7644145834DA003C91A8 /* CoreGraphics.framework */; };
		D24E764B145834DA003C91A8 /* InfoPlist.strings in Resources */ = {isa = PBXBuildFile; fileRef = D24E7649145834DA003C91A8 /* InfoPlist.strings */; };
		D24E764D145834DA003C91A8 /* main.m in Sources */ = {isa = PBXBuildFile; fileRef = D24E764C145834DA003C91A8 /* main.m */; };
		D24E7651145834DA003C91A8 /* AppDelegate.m in Sources */ = {isa = PBXBuildFile; fileRef = D24E7650145834DA003C91A8 /* AppDelegate.m */; };
		D24E766714583589003C91A8 /* OAuthManager.m in Sources */ = {isa = PBXBuildFile; fileRef = D24E766614583589003C91A8 /* OAuthManager.m */; };
		D24E7669145835BB003C91A8 /* SystemConfiguration.framework in Frameworks */ = {isa = PBXBuildFile; fileRef = D24E7668145835BB003C91A8 /* SystemConfiguration.framework */; };
		D24E766B145835C5003C91A8 /* MobileCoreServices.framework in Frameworks */ = {isa = PBXBuildFile; fileRef = D24E766A145835C5003C91A8 /* MobileCoreServices.framework */; };
		D24E766D145835CD003C91A8 /* CFNetwork.framework in Frameworks */ = {isa = PBXBuildFile; fileRef = D24E766C145835CD003C91A8 /* CFNetwork.framework */; };
		D24E766F1458362E003C91A8 /* libz.dylib in Frameworks */ = {isa = PBXBuildFile; fileRef = D24E766E1458362E003C91A8 /* libz.dylib */; };
		D2527509145C424200627725 /* PortfolioViewController.m in Sources */ = {isa = PBXBuildFile; fileRef = D2527507145C424200627725 /* PortfolioViewController.m */; };
		D252750A145C424200627725 /* PortfolioViewController.xib in Resources */ = {isa = PBXBuildFile; fileRef = D2527508145C424200627725 /* PortfolioViewController.xib */; };
		D28E075E145B195D003D83D8 /* WebViewController.m in Sources */ = {isa = PBXBuildFile; fileRef = D28E075D145B195D003D83D8 /* WebViewController.m */; };
		D28E0761145B1968003D83D8 /* WebView.xib in Resources */ = {isa = PBXBuildFile; fileRef = D28E0760145B1968003D83D8 /* WebView.xib */; };
		D2A09C7B145EF936002646A1 /* FlatTakeOverTask.m in Sources */ = {isa = PBXBuildFile; fileRef = D2A09C7A145EF936002646A1 /* FlatTakeOverTask.m */; };
		D2A09C7F145EFC5D002646A1 /* HistoryEntry.m in Sources */ = {isa = PBXBuildFile; fileRef = D2A09C7E145EFC5D002646A1 /* HistoryEntry.m */; };
		D2A785D11482BD4C00783603 /* Metallicrahmen_Icon_forrent_2_114x114 Kopie.png in Resources */ = {isa = PBXBuildFile; fileRef = D2A785D01482BD4C00783603 /* Metallicrahmen_Icon_forrent_2_114x114 Kopie.png */; };
		D2A785FE148420F700783603 /* history_background.png in Resources */ = {isa = PBXBuildFile; fileRef = D2A785F7148420F700783603 /* history_background.png */; };
		D2A785FF148420F700783603 /* icon_minus.png in Resources */ = {isa = PBXBuildFile; fileRef = D2A785F8148420F700783603 /* icon_minus.png */; };
		D2A78600148420F700783603 /* icon_plus.png in Resources */ = {isa = PBXBuildFile; fileRef = D2A785F9148420F700783603 /* icon_plus.png */; };
		D2A78603148420F700783603 /* shadow_top.png in Resources */ = {isa = PBXBuildFile; fileRef = D2A785FC148420F700783603 /* shadow_top.png */; };
		D2A786061484212400783603 /* cell_background.png in Resources */ = {isa = PBXBuildFile; fileRef = D2A786051484212400783603 /* cell_background.png */; };
		D2A78608148424C900783603 /* top_bar_history.png in Resources */ = {isa = PBXBuildFile; fileRef = D2A78607148424C900783603 /* top_bar_history.png */; };
		D2A7860A1484257100783603 /* shadow_bottom.png in Resources */ = {isa = PBXBuildFile; fileRef = D2A786091484257100783603 /* shadow_bottom.png */; };
		D2B0A6FC1461DC9A004CB870 /* MessageHandler.m in Sources */ = {isa = PBXBuildFile; fileRef = D2B0A6FB1461DC9A004CB870 /* MessageHandler.m */; };
		D2C67D1A145AA4D5008C3295 /* CoreLocation.framework in Frameworks */ = {isa = PBXBuildFile; fileRef = D2C67D19145AA4D5008C3295 /* CoreLocation.framework */; };
		D2C67D1D145AA4DF008C3295 /* libz.1.2.5.dylib in Frameworks */ = {isa = PBXBuildFile; fileRef = D2C67D1C145AA4DF008C3295 /* libz.1.2.5.dylib */; };
		D2C67D1F145AA4EA008C3295 /* MapKit.framework in Frameworks */ = {isa = PBXBuildFile; fileRef = D2C67D1E145AA4EA008C3295 /* MapKit.framework */; };
		D2C67D43145AA565008C3295 /* CoreLocationController.m in Sources */ = {isa = PBXBuildFile; fileRef = D2C67D3A145AA565008C3295 /* CoreLocationController.m */; };
		D2C67D44145AA565008C3295 /* JSONParser.m in Sources */ = {isa = PBXBuildFile; fileRef = D2C67D3C145AA565008C3295 /* JSONParser.m */; };
		D2C67D45145AA565008C3295 /* UserLoginTask.m in Sources */ = {isa = PBXBuildFile; fileRef = D2C67D3E145AA565008C3295 /* UserLoginTask.m */; };
		D2C67D46145AA565008C3295 /* ImmopolyManager.m in Sources */ = {isa = PBXBuildFile; fileRef = D2C67D40145AA565008C3295 /* ImmopolyManager.m */; };
		D2C67D47145AA565008C3295 /* FlatProvider.m in Sources */ = {isa = PBXBuildFile; fileRef = D2C67D42145AA565008C3295 /* FlatProvider.m */; };
		D2C67D4E145AA57A008C3295 /* Flat.m in Sources */ = {isa = PBXBuildFile; fileRef = D2C67D49145AA57A008C3295 /* Flat.m */; };
		D2C67D4F145AA57A008C3295 /* ImmopolyUser.m in Sources */ = {isa = PBXBuildFile; fileRef = D2C67D4B145AA57A008C3295 /* ImmopolyUser.m */; };
		D2C67D50145AA57A008C3295 /* ImmopolyHistory.m in Sources */ = {isa = PBXBuildFile; fileRef = D2C67D4D145AA57A008C3295 /* ImmopolyHistory.m */; };
		D2C67D54145AA596008C3295 /* ImmopolyMapViewController.m in Sources */ = {isa = PBXBuildFile; fileRef = D2C67D52145AA596008C3295 /* ImmopolyMapViewController.m */; };
		D2C67D55145AA596008C3295 /* ImmopolyMapViewController.xib in Resources */ = {isa = PBXBuildFile; fileRef = D2C67D53145AA596008C3295 /* ImmopolyMapViewController.xib */; };
		D2E53F76148113A20042B205 /* FlatRemoveTask.m in Sources */ = {isa = PBXBuildFile; fileRef = D2E53F75148113A20042B205 /* FlatRemoveTask.m */; };
		D2E53F9A148129A20042B205 /* FBConnectGlobal.m in Sources */ = {isa = PBXBuildFile; fileRef = D2E53F88148129A20042B205 /* FBConnectGlobal.m */; };
		D2E53F9B148129A20042B205 /* FBSession.m in Sources */ = {isa = PBXBuildFile; fileRef = D2E53F8A148129A20042B205 /* FBSession.m */; };
		D2E53F9C148129A20042B205 /* FBRequest.m in Sources */ = {isa = PBXBuildFile; fileRef = D2E53F8C148129A20042B205 /* FBRequest.m */; };
		D2E53F9D148129A20042B205 /* FBXMLHandler.m in Sources */ = {isa = PBXBuildFile; fileRef = D2E53F8E148129A20042B205 /* FBXMLHandler.m */; };
		D2E53F9E148129A20042B205 /* FBLoginButton.m in Sources */ = {isa = PBXBuildFile; fileRef = D2E53F90148129A20042B205 /* FBLoginButton.m */; };
		D2E53F9F148129A20042B205 /* FBDialog.m in Sources */ = {isa = PBXBuildFile; fileRef = D2E53F92148129A20042B205 /* FBDialog.m */; };
		D2E53FA0148129A20042B205 /* FBLoginDialog.m in Sources */ = {isa = PBXBuildFile; fileRef = D2E53F94148129A20042B205 /* FBLoginDialog.m */; };
		D2E53FA1148129A20042B205 /* FBPermissionDialog.m in Sources */ = {isa = PBXBuildFile; fileRef = D2E53F96148129A20042B205 /* FBPermissionDialog.m */; };
		D2E53FA2148129A20042B205 /* FBStreamDialog.m in Sources */ = {isa = PBXBuildFile; fileRef = D2E53F98148129A20042B205 /* FBStreamDialog.m */; };
		D2E53FA3148129A20042B205 /* FBConnect.bundle in Resources */ = {isa = PBXBuildFile; fileRef = D2E53F99148129A20042B205 /* FBConnect.bundle */; };
		D2E53FA7148129AC0042B205 /* FacebookManager.m in Sources */ = {isa = PBXBuildFile; fileRef = D2E53FA5148129AC0042B205 /* FacebookManager.m */; };
		D2E53FC2148133AA0042B205 /* default_house.png in Resources */ = {isa = PBXBuildFile; fileRef = D2E53FC1148133AA0042B205 /* default_house.png */; };
		D2E53FC5148136AB0042B205 /* AsynchronousImageView.m in Sources */ = {isa = PBXBuildFile; fileRef = D2E53FC4148136AB0042B205 /* AsynchronousImageView.m */; };
		D2E53FCF148148780042B205 /* MessageUI.framework in Frameworks */ = {isa = PBXBuildFile; fileRef = D2E53FCE148148780042B205 /* MessageUI.framework */; };
		D2E53FD71481909E0042B205 /* Default@2x.png in Resources */ = {isa = PBXBuildFile; fileRef = D2E53FD61481909D0042B205 /* Default@2x.png */; };
/* End PBXBuildFile section */

/* Begin PBXFileReference section */
		4C0149FD145DAD0200293E72 /* LoginViewController.h */ = {isa = PBXFileReference; fileEncoding = 4; lastKnownFileType = sourcecode.c.h; path = LoginViewController.h; sourceTree = "<group>"; };
		4C0149FE145DAD0200293E72 /* LoginViewController.m */ = {isa = PBXFileReference; fileEncoding = 4; lastKnownFileType = sourcecode.c.objc; path = LoginViewController.m; sourceTree = "<group>"; };
		4C0149FF145DAD0200293E72 /* LoginViewController.xib */ = {isa = PBXFileReference; fileEncoding = 4; lastKnownFileType = file.xib; path = LoginViewController.xib; sourceTree = "<group>"; };
		4C014A03145DBE4A00293E72 /* UserProfileViewController.h */ = {isa = PBXFileReference; fileEncoding = 4; lastKnownFileType = sourcecode.c.h; path = UserProfileViewController.h; sourceTree = "<group>"; };
		4C014A04145DBE4B00293E72 /* UserProfileViewController.m */ = {isa = PBXFileReference; fileEncoding = 4; lastKnownFileType = sourcecode.c.objc; path = UserProfileViewController.m; sourceTree = "<group>"; };
		4C014A05145DBE4B00293E72 /* UserProfileViewController.xib */ = {isa = PBXFileReference; fileEncoding = 4; lastKnownFileType = file.xib; path = UserProfileViewController.xib; sourceTree = "<group>"; };
		4C9C4ED71471B4E500719E0E /* LoginCheck.h */ = {isa = PBXFileReference; fileEncoding = 4; lastKnownFileType = sourcecode.c.h; path = LoginCheck.h; sourceTree = "<group>"; };
		4C9C4ED81471B4E500719E0E /* LoginCheck.m */ = {isa = PBXFileReference; fileEncoding = 4; lastKnownFileType = sourcecode.c.objc; path = LoginCheck.m; sourceTree = "<group>"; };
		4C9C4EDB1471B51A00719E0E /* UserDataDelegate.h */ = {isa = PBXFileReference; fileEncoding = 4; lastKnownFileType = sourcecode.c.h; path = UserDataDelegate.h; sourceTree = "<group>"; };
		4C9C4EDC1471B51A00719E0E /* NotifyViewDelegate.h */ = {isa = PBXFileReference; fileEncoding = 4; lastKnownFileType = sourcecode.c.h; path = NotifyViewDelegate.h; sourceTree = "<group>"; };
		6D0F9A901475849000D0C59F /* UserRegisterTask.h */ = {isa = PBXFileReference; fileEncoding = 4; lastKnownFileType = sourcecode.c.h; path = UserRegisterTask.h; sourceTree = "<group>"; };
		6D0F9A911475849000D0C59F /* UserRegisterTask.m */ = {isa = PBXFileReference; fileEncoding = 4; lastKnownFileType = sourcecode.c.objc; path = UserRegisterTask.m; sourceTree = "<group>"; };
		6D0F9A941475896900D0C59F /* RegisterDelegate.h */ = {isa = PBXFileReference; fileEncoding = 4; lastKnownFileType = sourcecode.c.h; path = RegisterDelegate.h; sourceTree = "<group>"; };
		6D0F9AAC14799CE900D0C59F /* house_orange.png */ = {isa = PBXFileReference; lastKnownFileType = image.png; path = house_orange.png; sourceTree = "<group>"; };
		6D0F9AAD14799CE900D0C59F /* house_red.png */ = {isa = PBXFileReference; lastKnownFileType = image.png; path = house_red.png; sourceTree = "<group>"; };
		6D0F9AB21479A15400D0C59F /* house_green_selected.png */ = {isa = PBXFileReference; lastKnownFileType = image.png; path = house_green_selected.png; sourceTree = "<group>"; };
		6D129CA5146D47EF00CE52F5 /* plate.png */ = {isa = PBXFileReference; lastKnownFileType = image.png; path = plate.png; sourceTree = "<group>"; };
		6D368F7414632E15003113C5 /* tab_user.png */ = {isa = PBXFileReference; lastKnownFileType = image.png; path = tab_user.png; sourceTree = "<group>"; };
		6D368F7514632E15003113C5 /* tab_portfolio.png */ = {isa = PBXFileReference; lastKnownFileType = image.png; path = tab_portfolio.png; sourceTree = "<group>"; };
		6D368F7614632E15003113C5 /* tab_map.png */ = {isa = PBXFileReference; lastKnownFileType = image.png; path = tab_map.png; sourceTree = "<group>"; };
		6D7BC32D146C50160033D3FE /* house_green.png */ = {isa = PBXFileReference; lastKnownFileType = image.png; path = house_green.png; sourceTree = "<group>"; };
		6D7BC32F146C583A0033D3FE /* icon.png */ = {isa = PBXFileReference; lastKnownFileType = image.png; path = icon.png; sourceTree = "<group>"; };
		6DA75C61145C12580079B32C /* ASIAuthenticationDialog.h */ = {isa = PBXFileReference; fileEncoding = 4; lastKnownFileType = sourcecode.c.h; path = ASIAuthenticationDialog.h; sourceTree = "<group>"; };
		6DA75C62145C12580079B32C /* ASIAuthenticationDialog.m */ = {isa = PBXFileReference; fileEncoding = 4; lastKnownFileType = sourcecode.c.objc; path = ASIAuthenticationDialog.m; sourceTree = "<group>"; };
		6DA75C63145C12580079B32C /* ASICacheDelegate.h */ = {isa = PBXFileReference; fileEncoding = 4; lastKnownFileType = sourcecode.c.h; path = ASICacheDelegate.h; sourceTree = "<group>"; };
		6DA75C64145C12580079B32C /* ASIDataCompressor.h */ = {isa = PBXFileReference; fileEncoding = 4; lastKnownFileType = sourcecode.c.h; path = ASIDataCompressor.h; sourceTree = "<group>"; };
		6DA75C65145C12580079B32C /* ASIDataCompressor.m */ = {isa = PBXFileReference; fileEncoding = 4; lastKnownFileType = sourcecode.c.objc; path = ASIDataCompressor.m; sourceTree = "<group>"; };
		6DA75C66145C12580079B32C /* ASIDataDecompressor.h */ = {isa = PBXFileReference; fileEncoding = 4; lastKnownFileType = sourcecode.c.h; path = ASIDataDecompressor.h; sourceTree = "<group>"; };
		6DA75C67145C12580079B32C /* ASIDataDecompressor.m */ = {isa = PBXFileReference; fileEncoding = 4; lastKnownFileType = sourcecode.c.objc; path = ASIDataDecompressor.m; sourceTree = "<group>"; };
		6DA75C68145C12580079B32C /* ASIDownloadCache.h */ = {isa = PBXFileReference; fileEncoding = 4; lastKnownFileType = sourcecode.c.h; path = ASIDownloadCache.h; sourceTree = "<group>"; };
		6DA75C69145C12580079B32C /* ASIDownloadCache.m */ = {isa = PBXFileReference; fileEncoding = 4; lastKnownFileType = sourcecode.c.objc; path = ASIDownloadCache.m; sourceTree = "<group>"; };
		6DA75C6A145C12580079B32C /* ASIFormDataRequest.h */ = {isa = PBXFileReference; fileEncoding = 4; lastKnownFileType = sourcecode.c.h; path = ASIFormDataRequest.h; sourceTree = "<group>"; };
		6DA75C6B145C12580079B32C /* ASIFormDataRequest.m */ = {isa = PBXFileReference; fileEncoding = 4; lastKnownFileType = sourcecode.c.objc; path = ASIFormDataRequest.m; sourceTree = "<group>"; };
		6DA75C6C145C12580079B32C /* ASIHTTPRequest.h */ = {isa = PBXFileReference; fileEncoding = 4; lastKnownFileType = sourcecode.c.h; path = ASIHTTPRequest.h; sourceTree = "<group>"; };
		6DA75C6D145C12580079B32C /* ASIHTTPRequest.m */ = {isa = PBXFileReference; fileEncoding = 4; lastKnownFileType = sourcecode.c.objc; path = ASIHTTPRequest.m; sourceTree = "<group>"; };
		6DA75C6E145C12580079B32C /* ASIHTTPRequestConfig.h */ = {isa = PBXFileReference; fileEncoding = 4; lastKnownFileType = sourcecode.c.h; path = ASIHTTPRequestConfig.h; sourceTree = "<group>"; };
		6DA75C6F145C12580079B32C /* ASIHTTPRequestDelegate.h */ = {isa = PBXFileReference; fileEncoding = 4; lastKnownFileType = sourcecode.c.h; path = ASIHTTPRequestDelegate.h; sourceTree = "<group>"; };
		6DA75C70145C12580079B32C /* ASIInputStream.h */ = {isa = PBXFileReference; fileEncoding = 4; lastKnownFileType = sourcecode.c.h; path = ASIInputStream.h; sourceTree = "<group>"; };
		6DA75C71145C12580079B32C /* ASIInputStream.m */ = {isa = PBXFileReference; fileEncoding = 4; lastKnownFileType = sourcecode.c.objc; path = ASIInputStream.m; sourceTree = "<group>"; };
		6DA75C72145C12580079B32C /* ASINetworkQueue.h */ = {isa = PBXFileReference; fileEncoding = 4; lastKnownFileType = sourcecode.c.h; path = ASINetworkQueue.h; sourceTree = "<group>"; };
		6DA75C73145C12580079B32C /* ASINetworkQueue.m */ = {isa = PBXFileReference; fileEncoding = 4; lastKnownFileType = sourcecode.c.objc; path = ASINetworkQueue.m; sourceTree = "<group>"; };
		6DA75C74145C12580079B32C /* ASIProgressDelegate.h */ = {isa = PBXFileReference; fileEncoding = 4; lastKnownFileType = sourcecode.c.h; path = ASIProgressDelegate.h; sourceTree = "<group>"; };
		6DA75CD9145C12EB0079B32C /* Base64Transcoder.h */ = {isa = PBXFileReference; fileEncoding = 4; lastKnownFileType = sourcecode.c.h; path = Base64Transcoder.h; sourceTree = "<group>"; };
		6DA75CDA145C12EB0079B32C /* NSMutableURLRequest+Parameters.h */ = {isa = PBXFileReference; fileEncoding = 4; lastKnownFileType = sourcecode.c.h; path = "NSMutableURLRequest+Parameters.h"; sourceTree = "<group>"; };
		6DA75CDB145C12EB0079B32C /* NSString+URLEncoding.h */ = {isa = PBXFileReference; fileEncoding = 4; lastKnownFileType = sourcecode.c.h; path = "NSString+URLEncoding.h"; sourceTree = "<group>"; };
		6DA75CDC145C12EB0079B32C /* NSURL+Base.h */ = {isa = PBXFileReference; fileEncoding = 4; lastKnownFileType = sourcecode.c.h; path = "NSURL+Base.h"; sourceTree = "<group>"; };
		6DA75CDD145C12EB0079B32C /* OAAsynchronousDataFetcher.h */ = {isa = PBXFileReference; fileEncoding = 4; lastKnownFileType = sourcecode.c.h; path = OAAsynchronousDataFetcher.h; sourceTree = "<group>"; };
		6DA75CDE145C12EB0079B32C /* OAConsumer.h */ = {isa = PBXFileReference; fileEncoding = 4; lastKnownFileType = sourcecode.c.h; path = OAConsumer.h; sourceTree = "<group>"; };
		6DA75CDF145C12EB0079B32C /* OADataFetcher.h */ = {isa = PBXFileReference; fileEncoding = 4; lastKnownFileType = sourcecode.c.h; path = OADataFetcher.h; sourceTree = "<group>"; };
		6DA75CE0145C12EB0079B32C /* OAHMAC_SHA1SignatureProvider.h */ = {isa = PBXFileReference; fileEncoding = 4; lastKnownFileType = sourcecode.c.h; path = OAHMAC_SHA1SignatureProvider.h; sourceTree = "<group>"; };
		6DA75CE1145C12EB0079B32C /* OAMutableURLRequest.h */ = {isa = PBXFileReference; fileEncoding = 4; lastKnownFileType = sourcecode.c.h; path = OAMutableURLRequest.h; sourceTree = "<group>"; };
		6DA75CE2145C12EB0079B32C /* OAPlaintextSignatureProvider.h */ = {isa = PBXFileReference; fileEncoding = 4; lastKnownFileType = sourcecode.c.h; path = OAPlaintextSignatureProvider.h; sourceTree = "<group>"; };
		6DA75CE3145C12EB0079B32C /* OARequestParameter.h */ = {isa = PBXFileReference; fileEncoding = 4; lastKnownFileType = sourcecode.c.h; path = OARequestParameter.h; sourceTree = "<group>"; };
		6DA75CE4145C12EB0079B32C /* OAServiceTicket.h */ = {isa = PBXFileReference; fileEncoding = 4; lastKnownFileType = sourcecode.c.h; path = OAServiceTicket.h; sourceTree = "<group>"; };
		6DA75CE5145C12EB0079B32C /* OASignatureProviding.h */ = {isa = PBXFileReference; fileEncoding = 4; lastKnownFileType = sourcecode.c.h; path = OASignatureProviding.h; sourceTree = "<group>"; };
		6DA75CE6145C12EB0079B32C /* OAToken.h */ = {isa = PBXFileReference; fileEncoding = 4; lastKnownFileType = sourcecode.c.h; path = OAToken.h; sourceTree = "<group>"; };
		6DA75CE7145C12EB0079B32C /* XOAConsumer.h */ = {isa = PBXFileReference; fileEncoding = 4; lastKnownFileType = sourcecode.c.h; path = XOAConsumer.h; sourceTree = "<group>"; };
		6DA75CE9145C12EB0079B32C /* libOAuth-Prefix.pch */ = {isa = PBXFileReference; fileEncoding = 4; lastKnownFileType = sourcecode.c.h; path = "libOAuth-Prefix.pch"; sourceTree = "<group>"; };
		6DA75CEA145C12EB0079B32C /* NSData+Base64.h */ = {isa = PBXFileReference; fileEncoding = 4; lastKnownFileType = sourcecode.c.h; path = "NSData+Base64.h"; sourceTree = "<group>"; };
		6DA75CEB145C12EB0079B32C /* NSData+Base64.m */ = {isa = PBXFileReference; fileEncoding = 4; lastKnownFileType = sourcecode.c.objc; path = "NSData+Base64.m"; sourceTree = "<group>"; };
		6DA75CEC145C12EB0079B32C /* NSMutableURLRequest+Parameters.h */ = {isa = PBXFileReference; fileEncoding = 4; lastKnownFileType = sourcecode.c.h; path = "NSMutableURLRequest+Parameters.h"; sourceTree = "<group>"; };
		6DA75CED145C12EB0079B32C /* NSMutableURLRequest+Parameters.m */ = {isa = PBXFileReference; fileEncoding = 4; lastKnownFileType = sourcecode.c.objc; path = "NSMutableURLRequest+Parameters.m"; sourceTree = "<group>"; };
		6DA75CEE145C12EB0079B32C /* NSString+URLEncoding.h */ = {isa = PBXFileReference; fileEncoding = 4; lastKnownFileType = sourcecode.c.h; path = "NSString+URLEncoding.h"; sourceTree = "<group>"; };
		6DA75CEF145C12EB0079B32C /* NSString+URLEncoding.m */ = {isa = PBXFileReference; fileEncoding = 4; lastKnownFileType = sourcecode.c.objc; path = "NSString+URLEncoding.m"; sourceTree = "<group>"; };
		6DA75CF0145C12EB0079B32C /* NSURL+Base.h */ = {isa = PBXFileReference; fileEncoding = 4; lastKnownFileType = sourcecode.c.h; path = "NSURL+Base.h"; sourceTree = "<group>"; };
		6DA75CF1145C12EB0079B32C /* NSURL+Base.m */ = {isa = PBXFileReference; fileEncoding = 4; lastKnownFileType = sourcecode.c.objc; path = "NSURL+Base.m"; sourceTree = "<group>"; };
		6DA75CF2145C12EB0079B32C /* OAConsumer.h */ = {isa = PBXFileReference; fileEncoding = 4; lastKnownFileType = sourcecode.c.h; path = OAConsumer.h; sourceTree = "<group>"; };
		6DA75CF3145C12EB0079B32C /* OAConsumer.m */ = {isa = PBXFileReference; fileEncoding = 4; lastKnownFileType = sourcecode.c.objc; path = OAConsumer.m; sourceTree = "<group>"; };
		6DA75CF4145C12EB0079B32C /* OAHMAC_SHA1SignatureProvider.h */ = {isa = PBXFileReference; fileEncoding = 4; lastKnownFileType = sourcecode.c.h; path = OAHMAC_SHA1SignatureProvider.h; sourceTree = "<group>"; };
		6DA75CF5145C12EB0079B32C /* OAHMAC_SHA1SignatureProvider.m */ = {isa = PBXFileReference; fileEncoding = 4; lastKnownFileType = sourcecode.c.objc; path = OAHMAC_SHA1SignatureProvider.m; sourceTree = "<group>"; };
		6DA75CF6145C12EB0079B32C /* OAMutableURLRequest.h */ = {isa = PBXFileReference; fileEncoding = 4; lastKnownFileType = sourcecode.c.h; path = OAMutableURLRequest.h; sourceTree = "<group>"; };
		6DA75CF7145C12EB0079B32C /* OAMutableURLRequest.m */ = {isa = PBXFileReference; fileEncoding = 4; lastKnownFileType = sourcecode.c.objc; path = OAMutableURLRequest.m; sourceTree = "<group>"; };
		6DA75CF8145C12EB0079B32C /* OAPlaintextSignatureProvider.h */ = {isa = PBXFileReference; fileEncoding = 4; lastKnownFileType = sourcecode.c.h; path = OAPlaintextSignatureProvider.h; sourceTree = "<group>"; };
		6DA75CF9145C12EB0079B32C /* OAPlaintextSignatureProvider.m */ = {isa = PBXFileReference; fileEncoding = 4; lastKnownFileType = sourcecode.c.objc; path = OAPlaintextSignatureProvider.m; sourceTree = "<group>"; };
		6DA75CFA145C12EB0079B32C /* OARequestParameter.h */ = {isa = PBXFileReference; fileEncoding = 4; lastKnownFileType = sourcecode.c.h; path = OARequestParameter.h; sourceTree = "<group>"; };
		6DA75CFB145C12EB0079B32C /* OARequestParameter.m */ = {isa = PBXFileReference; fileEncoding = 4; lastKnownFileType = sourcecode.c.objc; path = OARequestParameter.m; sourceTree = "<group>"; };
		6DA75CFC145C12EB0079B32C /* OASignatureProviding.h */ = {isa = PBXFileReference; fileEncoding = 4; lastKnownFileType = sourcecode.c.h; path = OASignatureProviding.h; sourceTree = "<group>"; };
		6DA75CFD145C12EB0079B32C /* OATestServer.rb */ = {isa = PBXFileReference; fileEncoding = 4; lastKnownFileType = text.script.ruby; path = OATestServer.rb; sourceTree = "<group>"; };
		6DA75CFE145C12EB0079B32C /* XOAConsumer.h */ = {isa = PBXFileReference; fileEncoding = 4; lastKnownFileType = sourcecode.c.h; path = XOAConsumer.h; sourceTree = "<group>"; };
		6DA75CFF145C12EB0079B32C /* XOAConsumer.m */ = {isa = PBXFileReference; fileEncoding = 4; lastKnownFileType = sourcecode.c.objc; path = XOAConsumer.m; sourceTree = "<group>"; };
		6DA75D0C145C14180079B32C /* Reachability.h */ = {isa = PBXFileReference; fileEncoding = 4; lastKnownFileType = sourcecode.c.h; path = Reachability.h; sourceTree = "<group>"; };
		6DA75D0D145C14180079B32C /* Reachability.m */ = {isa = PBXFileReference; fileEncoding = 4; lastKnownFileType = sourcecode.c.objc; path = Reachability.m; sourceTree = "<group>"; };
		6DA75D10145C15BF0079B32C /* NSObject+SBJson.h */ = {isa = PBXFileReference; fileEncoding = 4; lastKnownFileType = sourcecode.c.h; path = "NSObject+SBJson.h"; sourceTree = "<group>"; };
		6DA75D11145C15BF0079B32C /* NSObject+SBJson.m */ = {isa = PBXFileReference; fileEncoding = 4; lastKnownFileType = sourcecode.c.objc; path = "NSObject+SBJson.m"; sourceTree = "<group>"; };
		6DA75D12145C15BF0079B32C /* SBJson.h */ = {isa = PBXFileReference; fileEncoding = 4; lastKnownFileType = sourcecode.c.h; path = SBJson.h; sourceTree = "<group>"; };
		6DA75D13145C15BF0079B32C /* SBJsonParser.h */ = {isa = PBXFileReference; fileEncoding = 4; lastKnownFileType = sourcecode.c.h; path = SBJsonParser.h; sourceTree = "<group>"; };
		6DA75D14145C15BF0079B32C /* SBJsonParser.m */ = {isa = PBXFileReference; fileEncoding = 4; lastKnownFileType = sourcecode.c.objc; path = SBJsonParser.m; sourceTree = "<group>"; };
		6DA75D15145C15BF0079B32C /* SBJsonStreamParser.h */ = {isa = PBXFileReference; fileEncoding = 4; lastKnownFileType = sourcecode.c.h; path = SBJsonStreamParser.h; sourceTree = "<group>"; };
		6DA75D16145C15BF0079B32C /* SBJsonStreamParser.m */ = {isa = PBXFileReference; fileEncoding = 4; lastKnownFileType = sourcecode.c.objc; path = SBJsonStreamParser.m; sourceTree = "<group>"; };
		6DA75D17145C15BF0079B32C /* SBJsonStreamParserAccumulator.h */ = {isa = PBXFileReference; fileEncoding = 4; lastKnownFileType = sourcecode.c.h; path = SBJsonStreamParserAccumulator.h; sourceTree = "<group>"; };
		6DA75D18145C15BF0079B32C /* SBJsonStreamParserAccumulator.m */ = {isa = PBXFileReference; fileEncoding = 4; lastKnownFileType = sourcecode.c.objc; path = SBJsonStreamParserAccumulator.m; sourceTree = "<group>"; };
		6DA75D19145C15BF0079B32C /* SBJsonStreamParserAdapter.h */ = {isa = PBXFileReference; fileEncoding = 4; lastKnownFileType = sourcecode.c.h; path = SBJsonStreamParserAdapter.h; sourceTree = "<group>"; };
		6DA75D1A145C15BF0079B32C /* SBJsonStreamParserAdapter.m */ = {isa = PBXFileReference; fileEncoding = 4; lastKnownFileType = sourcecode.c.objc; path = SBJsonStreamParserAdapter.m; sourceTree = "<group>"; };
		6DA75D1B145C15BF0079B32C /* SBJsonStreamParserState.h */ = {isa = PBXFileReference; fileEncoding = 4; lastKnownFileType = sourcecode.c.h; path = SBJsonStreamParserState.h; sourceTree = "<group>"; };
		6DA75D1C145C15BF0079B32C /* SBJsonStreamParserState.m */ = {isa = PBXFileReference; fileEncoding = 4; lastKnownFileType = sourcecode.c.objc; path = SBJsonStreamParserState.m; sourceTree = "<group>"; };
		6DA75D1D145C15BF0079B32C /* SBJsonStreamWriter.h */ = {isa = PBXFileReference; fileEncoding = 4; lastKnownFileType = sourcecode.c.h; path = SBJsonStreamWriter.h; sourceTree = "<group>"; };
		6DA75D1E145C15BF0079B32C /* SBJsonStreamWriter.m */ = {isa = PBXFileReference; fileEncoding = 4; lastKnownFileType = sourcecode.c.objc; path = SBJsonStreamWriter.m; sourceTree = "<group>"; };
		6DA75D1F145C15BF0079B32C /* SBJsonStreamWriterAccumulator.h */ = {isa = PBXFileReference; fileEncoding = 4; lastKnownFileType = sourcecode.c.h; path = SBJsonStreamWriterAccumulator.h; sourceTree = "<group>"; };
		6DA75D20145C15BF0079B32C /* SBJsonStreamWriterAccumulator.m */ = {isa = PBXFileReference; fileEncoding = 4; lastKnownFileType = sourcecode.c.objc; path = SBJsonStreamWriterAccumulator.m; sourceTree = "<group>"; };
		6DA75D21145C15BF0079B32C /* SBJsonStreamWriterState.h */ = {isa = PBXFileReference; fileEncoding = 4; lastKnownFileType = sourcecode.c.h; path = SBJsonStreamWriterState.h; sourceTree = "<group>"; };
		6DA75D22145C15BF0079B32C /* SBJsonStreamWriterState.m */ = {isa = PBXFileReference; fileEncoding = 4; lastKnownFileType = sourcecode.c.objc; path = SBJsonStreamWriterState.m; sourceTree = "<group>"; };
		6DA75D23145C15BF0079B32C /* SBJsonTokeniser.h */ = {isa = PBXFileReference; fileEncoding = 4; lastKnownFileType = sourcecode.c.h; path = SBJsonTokeniser.h; sourceTree = "<group>"; };
		6DA75D24145C15BF0079B32C /* SBJsonTokeniser.m */ = {isa = PBXFileReference; fileEncoding = 4; lastKnownFileType = sourcecode.c.objc; path = SBJsonTokeniser.m; sourceTree = "<group>"; };
		6DA75D25145C15BF0079B32C /* SBJsonUTF8Stream.h */ = {isa = PBXFileReference; fileEncoding = 4; lastKnownFileType = sourcecode.c.h; path = SBJsonUTF8Stream.h; sourceTree = "<group>"; };
		6DA75D26145C15BF0079B32C /* SBJsonUTF8Stream.m */ = {isa = PBXFileReference; fileEncoding = 4; lastKnownFileType = sourcecode.c.objc; path = SBJsonUTF8Stream.m; sourceTree = "<group>"; };
		6DA75D27145C15BF0079B32C /* SBJsonWriter.h */ = {isa = PBXFileReference; fileEncoding = 4; lastKnownFileType = sourcecode.c.h; path = SBJsonWriter.h; sourceTree = "<group>"; };
		6DA75D28145C15BF0079B32C /* SBJsonWriter.m */ = {isa = PBXFileReference; fileEncoding = 4; lastKnownFileType = sourcecode.c.objc; path = SBJsonWriter.m; sourceTree = "<group>"; };
		6DA75D97145C4B170079B32C /* PortfolioCell.xib */ = {isa = PBXFileReference; fileEncoding = 4; lastKnownFileType = file.xib; path = PortfolioCell.xib; sourceTree = "<group>"; };
		6DBCBDC5146B214200545897 /* HistoryViewController.h */ = {isa = PBXFileReference; fileEncoding = 4; lastKnownFileType = sourcecode.c.h; path = HistoryViewController.h; sourceTree = "<group>"; };
		6DBCBDC6146B214200545897 /* HistoryViewController.m */ = {isa = PBXFileReference; fileEncoding = 4; lastKnownFileType = sourcecode.c.objc; path = HistoryViewController.m; sourceTree = "<group>"; };
		6DBCBDC7146B214300545897 /* HistoryViewController.xib */ = {isa = PBXFileReference; fileEncoding = 4; lastKnownFileType = file.xib; path = HistoryViewController.xib; sourceTree = "<group>"; };
		6DBCBDCB146B229400545897 /* HistoryCell.xib */ = {isa = PBXFileReference; fileEncoding = 4; lastKnownFileType = file.xib; path = HistoryCell.xib; sourceTree = "<group>"; };
		6DBCBDCD146B326B00545897 /* tab_history.png */ = {isa = PBXFileReference; lastKnownFileType = image.png; path = tab_history.png; sourceTree = "<group>"; };
		D22F594B14793BEB008918A9 /* Settings.bundle */ = {isa = PBXFileReference; lastKnownFileType = "wrapper.plug-in"; path = Settings.bundle; sourceTree = "<group>"; };
		D24E763C145834DA003C91A8 /* ImmopolyIPhone.app */ = {isa = PBXFileReference; explicitFileType = wrapper.application; includeInIndex = 0; path = ImmopolyIPhone.app; sourceTree = BUILT_PRODUCTS_DIR; };
		D24E7640145834DA003C91A8 /* UIKit.framework */ = {isa = PBXFileReference; lastKnownFileType = wrapper.framework; name = UIKit.framework; path = System/Library/Frameworks/UIKit.framework; sourceTree = SDKROOT; };
		D24E7642145834DA003C91A8 /* Foundation.framework */ = {isa = PBXFileReference; lastKnownFileType = wrapper.framework; name = Foundation.framework; path = System/Library/Frameworks/Foundation.framework; sourceTree = SDKROOT; };
		D24E7644145834DA003C91A8 /* CoreGraphics.framework */ = {isa = PBXFileReference; lastKnownFileType = wrapper.framework; name = CoreGraphics.framework; path = System/Library/Frameworks/CoreGraphics.framework; sourceTree = SDKROOT; };
		D24E7648145834DA003C91A8 /* ImmopolyIPhone-Info.plist */ = {isa = PBXFileReference; lastKnownFileType = text.plist.xml; path = "ImmopolyIPhone-Info.plist"; sourceTree = "<group>"; };
		D24E764A145834DA003C91A8 /* en */ = {isa = PBXFileReference; lastKnownFileType = text.plist.strings; name = en; path = en.lproj/InfoPlist.strings; sourceTree = "<group>"; };
		D24E764C145834DA003C91A8 /* main.m */ = {isa = PBXFileReference; lastKnownFileType = sourcecode.c.objc; path = main.m; sourceTree = "<group>"; };
		D24E764E145834DA003C91A8 /* ImmopolyIPhone-Prefix.pch */ = {isa = PBXFileReference; lastKnownFileType = sourcecode.c.h; path = "ImmopolyIPhone-Prefix.pch"; sourceTree = "<group>"; };
		D24E764F145834DA003C91A8 /* AppDelegate.h */ = {isa = PBXFileReference; lastKnownFileType = sourcecode.c.h; path = AppDelegate.h; sourceTree = "<group>"; };
		D24E7650145834DA003C91A8 /* AppDelegate.m */ = {isa = PBXFileReference; lastKnownFileType = sourcecode.c.objc; path = AppDelegate.m; sourceTree = "<group>"; };
		D24E766514583589003C91A8 /* OAuthManager.h */ = {isa = PBXFileReference; fileEncoding = 4; lastKnownFileType = sourcecode.c.h; path = OAuthManager.h; sourceTree = "<group>"; };
		D24E766614583589003C91A8 /* OAuthManager.m */ = {isa = PBXFileReference; fileEncoding = 4; lastKnownFileType = sourcecode.c.objc; path = OAuthManager.m; sourceTree = "<group>"; };
		D24E7668145835BB003C91A8 /* SystemConfiguration.framework */ = {isa = PBXFileReference; lastKnownFileType = wrapper.framework; name = SystemConfiguration.framework; path = System/Library/Frameworks/SystemConfiguration.framework; sourceTree = SDKROOT; };
		D24E766A145835C5003C91A8 /* MobileCoreServices.framework */ = {isa = PBXFileReference; lastKnownFileType = wrapper.framework; name = MobileCoreServices.framework; path = System/Library/Frameworks/MobileCoreServices.framework; sourceTree = SDKROOT; };
		D24E766C145835CD003C91A8 /* CFNetwork.framework */ = {isa = PBXFileReference; lastKnownFileType = wrapper.framework; name = CFNetwork.framework; path = System/Library/Frameworks/CFNetwork.framework; sourceTree = SDKROOT; };
		D24E766E1458362E003C91A8 /* libz.dylib */ = {isa = PBXFileReference; lastKnownFileType = "compiled.mach-o.dylib"; name = libz.dylib; path = usr/lib/libz.dylib; sourceTree = SDKROOT; };
		D2527506145C424200627725 /* PortfolioViewController.h */ = {isa = PBXFileReference; fileEncoding = 4; lastKnownFileType = sourcecode.c.h; path = PortfolioViewController.h; sourceTree = "<group>"; };
		D2527507145C424200627725 /* PortfolioViewController.m */ = {isa = PBXFileReference; fileEncoding = 4; lastKnownFileType = sourcecode.c.objc; path = PortfolioViewController.m; sourceTree = "<group>"; };
		D2527508145C424200627725 /* PortfolioViewController.xib */ = {isa = PBXFileReference; fileEncoding = 4; lastKnownFileType = file.xib; path = PortfolioViewController.xib; sourceTree = "<group>"; };
		D28E075C145B195D003D83D8 /* WebViewController.h */ = {isa = PBXFileReference; fileEncoding = 4; lastKnownFileType = sourcecode.c.h; path = WebViewController.h; sourceTree = "<group>"; };
		D28E075D145B195D003D83D8 /* WebViewController.m */ = {isa = PBXFileReference; fileEncoding = 4; lastKnownFileType = sourcecode.c.objc; path = WebViewController.m; sourceTree = "<group>"; };
		D28E0760145B1968003D83D8 /* WebView.xib */ = {isa = PBXFileReference; fileEncoding = 4; lastKnownFileType = file.xib; path = WebView.xib; sourceTree = "<group>"; };
		D2A09C79145EF935002646A1 /* FlatTakeOverTask.h */ = {isa = PBXFileReference; fileEncoding = 4; lastKnownFileType = sourcecode.c.h; path = FlatTakeOverTask.h; sourceTree = "<group>"; };
		D2A09C7A145EF936002646A1 /* FlatTakeOverTask.m */ = {isa = PBXFileReference; fileEncoding = 4; lastKnownFileType = sourcecode.c.objc; path = FlatTakeOverTask.m; sourceTree = "<group>"; };
		D2A09C7D145EFC5D002646A1 /* HistoryEntry.h */ = {isa = PBXFileReference; fileEncoding = 4; lastKnownFileType = sourcecode.c.h; path = HistoryEntry.h; sourceTree = "<group>"; };
		D2A09C7E145EFC5D002646A1 /* HistoryEntry.m */ = {isa = PBXFileReference; fileEncoding = 4; lastKnownFileType = sourcecode.c.objc; path = HistoryEntry.m; sourceTree = "<group>"; };
		D2A785D01482BD4C00783603 /* Metallicrahmen_Icon_forrent_2_114x114 Kopie.png */ = {isa = PBXFileReference; lastKnownFileType = image.png; path = "Metallicrahmen_Icon_forrent_2_114x114 Kopie.png"; sourceTree = "<group>"; };
		D2A785F7148420F700783603 /* history_background.png */ = {isa = PBXFileReference; lastKnownFileType = image.png; path = history_background.png; sourceTree = "<group>"; };
		D2A785F8148420F700783603 /* icon_minus.png */ = {isa = PBXFileReference; lastKnownFileType = image.png; path = icon_minus.png; sourceTree = "<group>"; };
		D2A785F9148420F700783603 /* icon_plus.png */ = {isa = PBXFileReference; lastKnownFileType = image.png; path = icon_plus.png; sourceTree = "<group>"; };
		D2A785FC148420F700783603 /* shadow_top.png */ = {isa = PBXFileReference; lastKnownFileType = image.png; path = shadow_top.png; sourceTree = "<group>"; };
		D2A786051484212400783603 /* cell_background.png */ = {isa = PBXFileReference; lastKnownFileType = image.png; path = cell_background.png; sourceTree = "<group>"; };
		D2A78607148424C900783603 /* top_bar_history.png */ = {isa = PBXFileReference; lastKnownFileType = image.png; path = top_bar_history.png; sourceTree = "<group>"; };
		D2A786091484257100783603 /* shadow_bottom.png */ = {isa = PBXFileReference; lastKnownFileType = image.png; path = shadow_bottom.png; sourceTree = "<group>"; };
		D2B0A6FA1461DC9A004CB870 /* MessageHandler.h */ = {isa = PBXFileReference; fileEncoding = 4; lastKnownFileType = sourcecode.c.h; path = MessageHandler.h; sourceTree = "<group>"; };
		D2B0A6FB1461DC9A004CB870 /* MessageHandler.m */ = {isa = PBXFileReference; fileEncoding = 4; lastKnownFileType = sourcecode.c.objc; path = MessageHandler.m; sourceTree = "<group>"; };
		D2C67D19145AA4D5008C3295 /* CoreLocation.framework */ = {isa = PBXFileReference; lastKnownFileType = wrapper.framework; name = CoreLocation.framework; path = System/Library/Frameworks/CoreLocation.framework; sourceTree = SDKROOT; };
		D2C67D1C145AA4DF008C3295 /* libz.1.2.5.dylib */ = {isa = PBXFileReference; lastKnownFileType = "compiled.mach-o.dylib"; name = libz.1.2.5.dylib; path = usr/lib/libz.1.2.5.dylib; sourceTree = SDKROOT; };
		D2C67D1E145AA4EA008C3295 /* MapKit.framework */ = {isa = PBXFileReference; lastKnownFileType = wrapper.framework; name = MapKit.framework; path = System/Library/Frameworks/MapKit.framework; sourceTree = SDKROOT; };
		D2C67D24145AA53C008C3295 /* LoginDelegate.h */ = {isa = PBXFileReference; fileEncoding = 4; lastKnownFileType = sourcecode.c.h; path = LoginDelegate.h; sourceTree = "<group>"; };
		D2C67D39145AA565008C3295 /* CoreLocationController.h */ = {isa = PBXFileReference; fileEncoding = 4; lastKnownFileType = sourcecode.c.h; path = CoreLocationController.h; sourceTree = "<group>"; };
		D2C67D3A145AA565008C3295 /* CoreLocationController.m */ = {isa = PBXFileReference; fileEncoding = 4; lastKnownFileType = sourcecode.c.objc; path = CoreLocationController.m; sourceTree = "<group>"; };
		D2C67D3B145AA565008C3295 /* JSONParser.h */ = {isa = PBXFileReference; fileEncoding = 4; lastKnownFileType = sourcecode.c.h; path = JSONParser.h; sourceTree = "<group>"; };
		D2C67D3C145AA565008C3295 /* JSONParser.m */ = {isa = PBXFileReference; fileEncoding = 4; lastKnownFileType = sourcecode.c.objc; path = JSONParser.m; sourceTree = "<group>"; };
		D2C67D3D145AA565008C3295 /* UserLoginTask.h */ = {isa = PBXFileReference; fileEncoding = 4; lastKnownFileType = sourcecode.c.h; path = UserLoginTask.h; sourceTree = "<group>"; };
		D2C67D3E145AA565008C3295 /* UserLoginTask.m */ = {isa = PBXFileReference; fileEncoding = 4; lastKnownFileType = sourcecode.c.objc; path = UserLoginTask.m; sourceTree = "<group>"; };
		D2C67D3F145AA565008C3295 /* ImmopolyManager.h */ = {isa = PBXFileReference; fileEncoding = 4; lastKnownFileType = sourcecode.c.h; path = ImmopolyManager.h; sourceTree = "<group>"; };
		D2C67D40145AA565008C3295 /* ImmopolyManager.m */ = {isa = PBXFileReference; fileEncoding = 4; lastKnownFileType = sourcecode.c.objc; path = ImmopolyManager.m; sourceTree = "<group>"; };
		D2C67D41145AA565008C3295 /* FlatProvider.h */ = {isa = PBXFileReference; fileEncoding = 4; lastKnownFileType = sourcecode.c.h; path = FlatProvider.h; sourceTree = "<group>"; };
		D2C67D42145AA565008C3295 /* FlatProvider.m */ = {isa = PBXFileReference; fileEncoding = 4; lastKnownFileType = sourcecode.c.objc; path = FlatProvider.m; sourceTree = "<group>"; };
		D2C67D48145AA57A008C3295 /* Flat.h */ = {isa = PBXFileReference; fileEncoding = 4; lastKnownFileType = sourcecode.c.h; path = Flat.h; sourceTree = "<group>"; };
		D2C67D49145AA57A008C3295 /* Flat.m */ = {isa = PBXFileReference; fileEncoding = 4; lastKnownFileType = sourcecode.c.objc; path = Flat.m; sourceTree = "<group>"; };
		D2C67D4A145AA57A008C3295 /* ImmopolyUser.h */ = {isa = PBXFileReference; fileEncoding = 4; lastKnownFileType = sourcecode.c.h; path = ImmopolyUser.h; sourceTree = "<group>"; };
		D2C67D4B145AA57A008C3295 /* ImmopolyUser.m */ = {isa = PBXFileReference; fileEncoding = 4; lastKnownFileType = sourcecode.c.objc; path = ImmopolyUser.m; sourceTree = "<group>"; };
		D2C67D4C145AA57A008C3295 /* ImmopolyHistory.h */ = {isa = PBXFileReference; fileEncoding = 4; lastKnownFileType = sourcecode.c.h; path = ImmopolyHistory.h; sourceTree = "<group>"; };
		D2C67D4D145AA57A008C3295 /* ImmopolyHistory.m */ = {isa = PBXFileReference; fileEncoding = 4; lastKnownFileType = sourcecode.c.objc; path = ImmopolyHistory.m; sourceTree = "<group>"; };
		D2C67D51145AA596008C3295 /* ImmopolyMapViewController.h */ = {isa = PBXFileReference; fileEncoding = 4; lastKnownFileType = sourcecode.c.h; path = ImmopolyMapViewController.h; sourceTree = "<group>"; };
		D2C67D52145AA596008C3295 /* ImmopolyMapViewController.m */ = {isa = PBXFileReference; fileEncoding = 4; lastKnownFileType = sourcecode.c.objc; path = ImmopolyMapViewController.m; sourceTree = "<group>"; };
		D2C67D53145AA596008C3295 /* ImmopolyMapViewController.xib */ = {isa = PBXFileReference; fileEncoding = 4; lastKnownFileType = file.xib; path = ImmopolyMapViewController.xib; sourceTree = "<group>"; };
		D2C67D59145AAA15008C3295 /* LocationDelegate.h */ = {isa = PBXFileReference; fileEncoding = 4; lastKnownFileType = sourcecode.c.h; path = LocationDelegate.h; sourceTree = "<group>"; };
		D2C67D5A145AAF33008C3295 /* FlatsDelegate.h */ = {isa = PBXFileReference; fileEncoding = 4; lastKnownFileType = sourcecode.c.h; path = FlatsDelegate.h; sourceTree = "<group>"; };
		D2E53F74148113A20042B205 /* FlatRemoveTask.h */ = {isa = PBXFileReference; fileEncoding = 4; lastKnownFileType = sourcecode.c.h; path = FlatRemoveTask.h; sourceTree = "<group>"; };
		D2E53F75148113A20042B205 /* FlatRemoveTask.m */ = {isa = PBXFileReference; fileEncoding = 4; lastKnownFileType = sourcecode.c.objc; path = FlatRemoveTask.m; sourceTree = "<group>"; };
		D2E53F86148129A20042B205 /* FBConnect.h */ = {isa = PBXFileReference; fileEncoding = 4; lastKnownFileType = sourcecode.c.h; path = FBConnect.h; sourceTree = "<group>"; };
		D2E53F87148129A20042B205 /* FBConnectGlobal.h */ = {isa = PBXFileReference; fileEncoding = 4; lastKnownFileType = sourcecode.c.h; path = FBConnectGlobal.h; sourceTree = "<group>"; };
		D2E53F88148129A20042B205 /* FBConnectGlobal.m */ = {isa = PBXFileReference; fileEncoding = 4; lastKnownFileType = sourcecode.c.objc; path = FBConnectGlobal.m; sourceTree = "<group>"; };
		D2E53F89148129A20042B205 /* FBSession.h */ = {isa = PBXFileReference; fileEncoding = 4; lastKnownFileType = sourcecode.c.h; path = FBSession.h; sourceTree = "<group>"; };
		D2E53F8A148129A20042B205 /* FBSession.m */ = {isa = PBXFileReference; fileEncoding = 4; lastKnownFileType = sourcecode.c.objc; path = FBSession.m; sourceTree = "<group>"; };
		D2E53F8B148129A20042B205 /* FBRequest.h */ = {isa = PBXFileReference; fileEncoding = 4; lastKnownFileType = sourcecode.c.h; path = FBRequest.h; sourceTree = "<group>"; };
		D2E53F8C148129A20042B205 /* FBRequest.m */ = {isa = PBXFileReference; fileEncoding = 4; lastKnownFileType = sourcecode.c.objc; path = FBRequest.m; sourceTree = "<group>"; };
		D2E53F8D148129A20042B205 /* FBXMLHandler.h */ = {isa = PBXFileReference; fileEncoding = 4; lastKnownFileType = sourcecode.c.h; path = FBXMLHandler.h; sourceTree = "<group>"; };
		D2E53F8E148129A20042B205 /* FBXMLHandler.m */ = {isa = PBXFileReference; fileEncoding = 4; lastKnownFileType = sourcecode.c.objc; path = FBXMLHandler.m; sourceTree = "<group>"; };
		D2E53F8F148129A20042B205 /* FBLoginButton.h */ = {isa = PBXFileReference; fileEncoding = 4; lastKnownFileType = sourcecode.c.h; path = FBLoginButton.h; sourceTree = "<group>"; };
		D2E53F90148129A20042B205 /* FBLoginButton.m */ = {isa = PBXFileReference; fileEncoding = 4; lastKnownFileType = sourcecode.c.objc; path = FBLoginButton.m; sourceTree = "<group>"; };
		D2E53F91148129A20042B205 /* FBDialog.h */ = {isa = PBXFileReference; fileEncoding = 4; lastKnownFileType = sourcecode.c.h; path = FBDialog.h; sourceTree = "<group>"; };
		D2E53F92148129A20042B205 /* FBDialog.m */ = {isa = PBXFileReference; fileEncoding = 4; lastKnownFileType = sourcecode.c.objc; path = FBDialog.m; sourceTree = "<group>"; };
		D2E53F93148129A20042B205 /* FBLoginDialog.h */ = {isa = PBXFileReference; fileEncoding = 4; lastKnownFileType = sourcecode.c.h; path = FBLoginDialog.h; sourceTree = "<group>"; };
		D2E53F94148129A20042B205 /* FBLoginDialog.m */ = {isa = PBXFileReference; fileEncoding = 4; lastKnownFileType = sourcecode.c.objc; path = FBLoginDialog.m; sourceTree = "<group>"; };
		D2E53F95148129A20042B205 /* FBPermissionDialog.h */ = {isa = PBXFileReference; fileEncoding = 4; lastKnownFileType = sourcecode.c.h; path = FBPermissionDialog.h; sourceTree = "<group>"; };
		D2E53F96148129A20042B205 /* FBPermissionDialog.m */ = {isa = PBXFileReference; fileEncoding = 4; lastKnownFileType = sourcecode.c.objc; path = FBPermissionDialog.m; sourceTree = "<group>"; };
		D2E53F97148129A20042B205 /* FBStreamDialog.h */ = {isa = PBXFileReference; fileEncoding = 4; lastKnownFileType = sourcecode.c.h; path = FBStreamDialog.h; sourceTree = "<group>"; };
		D2E53F98148129A20042B205 /* FBStreamDialog.m */ = {isa = PBXFileReference; fileEncoding = 4; lastKnownFileType = sourcecode.c.objc; path = FBStreamDialog.m; sourceTree = "<group>"; };
		D2E53F99148129A20042B205 /* FBConnect.bundle */ = {isa = PBXFileReference; lastKnownFileType = "wrapper.plug-in"; path = FBConnect.bundle; sourceTree = "<group>"; };
		D2E53FA4148129AC0042B205 /* FacebookManager.h */ = {isa = PBXFileReference; fileEncoding = 4; lastKnownFileType = sourcecode.c.h; path = FacebookManager.h; sourceTree = "<group>"; };
		D2E53FA5148129AC0042B205 /* FacebookManager.m */ = {isa = PBXFileReference; fileEncoding = 4; lastKnownFileType = sourcecode.c.objc; path = FacebookManager.m; sourceTree = "<group>"; };
		D2E53FA6148129AC0042B205 /* FacebookManagerDelegate.h */ = {isa = PBXFileReference; fileEncoding = 4; lastKnownFileType = sourcecode.c.h; path = FacebookManagerDelegate.h; sourceTree = "<group>"; };
		D2E53FC1148133AA0042B205 /* default_house.png */ = {isa = PBXFileReference; lastKnownFileType = image.png; path = default_house.png; sourceTree = "<group>"; };
		D2E53FC3148136AB0042B205 /* AsynchronousImageView.h */ = {isa = PBXFileReference; fileEncoding = 4; lastKnownFileType = sourcecode.c.h; path = AsynchronousImageView.h; sourceTree = "<group>"; };
		D2E53FC4148136AB0042B205 /* AsynchronousImageView.m */ = {isa = PBXFileReference; fileEncoding = 4; lastKnownFileType = sourcecode.c.objc; path = AsynchronousImageView.m; sourceTree = "<group>"; };
		D2E53FCE148148780042B205 /* MessageUI.framework */ = {isa = PBXFileReference; lastKnownFileType = wrapper.framework; name = MessageUI.framework; path = System/Library/Frameworks/MessageUI.framework; sourceTree = SDKROOT; };
		D2E53FD61481909D0042B205 /* Default@2x.png */ = {isa = PBXFileReference; lastKnownFileType = image.png; name = "Default@2x.png"; path = "../Default@2x.png"; sourceTree = "<group>"; };
/* End PBXFileReference section */

/* Begin PBXFrameworksBuildPhase section */
		D24E7639145834DA003C91A8 /* Frameworks */ = {
			isa = PBXFrameworksBuildPhase;
			buildActionMask = 2147483647;
			files = (
				D2E53FCF148148780042B205 /* MessageUI.framework in Frameworks */,
				D2C67D1F145AA4EA008C3295 /* MapKit.framework in Frameworks */,
				D2C67D1D145AA4DF008C3295 /* libz.1.2.5.dylib in Frameworks */,
				D2C67D1A145AA4D5008C3295 /* CoreLocation.framework in Frameworks */,
				D24E766D145835CD003C91A8 /* CFNetwork.framework in Frameworks */,
				D24E766B145835C5003C91A8 /* MobileCoreServices.framework in Frameworks */,
				D24E7669145835BB003C91A8 /* SystemConfiguration.framework in Frameworks */,
				D24E7641145834DA003C91A8 /* UIKit.framework in Frameworks */,
				D24E7643145834DA003C91A8 /* Foundation.framework in Frameworks */,
				D24E7645145834DA003C91A8 /* CoreGraphics.framework in Frameworks */,
				D24E766F1458362E003C91A8 /* libz.dylib in Frameworks */,
			);
			runOnlyForDeploymentPostprocessing = 0;
		};
/* End PBXFrameworksBuildPhase section */

/* Begin PBXGroup section */
		6D368F6114631469003113C5 /* Images */ = {
			isa = PBXGroup;
			children = (
				D2A785E714841AF400783603 /* History */,
				D2A785D01482BD4C00783603 /* Metallicrahmen_Icon_forrent_2_114x114 Kopie.png */,
				D2E53FD61481909D0042B205 /* Default@2x.png */,
				D2E53FC1148133AA0042B205 /* default_house.png */,
				6D0F9AAC14799CE900D0C59F /* house_orange.png */,
				6D0F9AAD14799CE900D0C59F /* house_red.png */,
				6D0F9AB21479A15400D0C59F /* house_green_selected.png */,
				6D129CA5146D47EF00CE52F5 /* plate.png */,
				6D7BC32F146C583A0033D3FE /* icon.png */,
				6D7BC32D146C50160033D3FE /* house_green.png */,
				6DBCBDCD146B326B00545897 /* tab_history.png */,
				6D368F7414632E15003113C5 /* tab_user.png */,
				6D368F7514632E15003113C5 /* tab_portfolio.png */,
				6D368F7614632E15003113C5 /* tab_map.png */,
			);
			name = Images;
			sourceTree = "<group>";
		};
		6DA75C5F145C12360079B32C /* submodules */ = {
			isa = PBXGroup;
			children = (
				6DA75D0F145C15BF0079B32C /* json-framework */,
				6DA75C60145C12580079B32C /* asi-http */,
			);
			name = submodules;
			sourceTree = "<group>";
		};
		6DA75C60145C12580079B32C /* asi-http */ = {
			isa = PBXGroup;
			children = (
				6DA75D0B145C14180079B32C /* Reachability */,
				6DA75C61145C12580079B32C /* ASIAuthenticationDialog.h */,
				6DA75C62145C12580079B32C /* ASIAuthenticationDialog.m */,
				6DA75C63145C12580079B32C /* ASICacheDelegate.h */,
				6DA75C64145C12580079B32C /* ASIDataCompressor.h */,
				6DA75C65145C12580079B32C /* ASIDataCompressor.m */,
				6DA75C66145C12580079B32C /* ASIDataDecompressor.h */,
				6DA75C67145C12580079B32C /* ASIDataDecompressor.m */,
				6DA75C68145C12580079B32C /* ASIDownloadCache.h */,
				6DA75C69145C12580079B32C /* ASIDownloadCache.m */,
				6DA75C6A145C12580079B32C /* ASIFormDataRequest.h */,
				6DA75C6B145C12580079B32C /* ASIFormDataRequest.m */,
				6DA75C6C145C12580079B32C /* ASIHTTPRequest.h */,
				6DA75C6D145C12580079B32C /* ASIHTTPRequest.m */,
				6DA75C6E145C12580079B32C /* ASIHTTPRequestConfig.h */,
				6DA75C6F145C12580079B32C /* ASIHTTPRequestDelegate.h */,
				6DA75C70145C12580079B32C /* ASIInputStream.h */,
				6DA75C71145C12580079B32C /* ASIInputStream.m */,
				6DA75C72145C12580079B32C /* ASINetworkQueue.h */,
				6DA75C73145C12580079B32C /* ASINetworkQueue.m */,
				6DA75C74145C12580079B32C /* ASIProgressDelegate.h */,
			);
			name = "asi-http";
			path = "../submodules/asi-http/Classes";
			sourceTree = "<group>";
		};
		6DA75CD8145C12EB0079B32C /* include */ = {
			isa = PBXGroup;
			children = (
				6DA75CD9145C12EB0079B32C /* Base64Transcoder.h */,
				6DA75CDA145C12EB0079B32C /* NSMutableURLRequest+Parameters.h */,
				6DA75CDB145C12EB0079B32C /* NSString+URLEncoding.h */,
				6DA75CDC145C12EB0079B32C /* NSURL+Base.h */,
				6DA75CDD145C12EB0079B32C /* OAAsynchronousDataFetcher.h */,
				6DA75CDE145C12EB0079B32C /* OAConsumer.h */,
				6DA75CDF145C12EB0079B32C /* OADataFetcher.h */,
				6DA75CE0145C12EB0079B32C /* OAHMAC_SHA1SignatureProvider.h */,
				6DA75CE1145C12EB0079B32C /* OAMutableURLRequest.h */,
				6DA75CE2145C12EB0079B32C /* OAPlaintextSignatureProvider.h */,
				6DA75CE3145C12EB0079B32C /* OARequestParameter.h */,
				6DA75CE4145C12EB0079B32C /* OAServiceTicket.h */,
				6DA75CE5145C12EB0079B32C /* OASignatureProviding.h */,
				6DA75CE6145C12EB0079B32C /* OAToken.h */,
				6DA75CE7145C12EB0079B32C /* XOAConsumer.h */,
			);
			name = include;
			path = ../libOAuth/include;
			sourceTree = "<group>";
		};
		6DA75CE8145C12EB0079B32C /* libOAuth */ = {
			isa = PBXGroup;
			children = (
				6DA75CE9145C12EB0079B32C /* libOAuth-Prefix.pch */,
				6DA75CEA145C12EB0079B32C /* NSData+Base64.h */,
				6DA75CEB145C12EB0079B32C /* NSData+Base64.m */,
				6DA75CEC145C12EB0079B32C /* NSMutableURLRequest+Parameters.h */,
				6DA75CED145C12EB0079B32C /* NSMutableURLRequest+Parameters.m */,
				6DA75CEE145C12EB0079B32C /* NSString+URLEncoding.h */,
				6DA75CEF145C12EB0079B32C /* NSString+URLEncoding.m */,
				6DA75CF0145C12EB0079B32C /* NSURL+Base.h */,
				6DA75CF1145C12EB0079B32C /* NSURL+Base.m */,
				6DA75CF2145C12EB0079B32C /* OAConsumer.h */,
				6DA75CF3145C12EB0079B32C /* OAConsumer.m */,
				6DA75CF4145C12EB0079B32C /* OAHMAC_SHA1SignatureProvider.h */,
				6DA75CF5145C12EB0079B32C /* OAHMAC_SHA1SignatureProvider.m */,
				6DA75CF6145C12EB0079B32C /* OAMutableURLRequest.h */,
				6DA75CF7145C12EB0079B32C /* OAMutableURLRequest.m */,
				6DA75CF8145C12EB0079B32C /* OAPlaintextSignatureProvider.h */,
				6DA75CF9145C12EB0079B32C /* OAPlaintextSignatureProvider.m */,
				6DA75CFA145C12EB0079B32C /* OARequestParameter.h */,
				6DA75CFB145C12EB0079B32C /* OARequestParameter.m */,
				6DA75CFC145C12EB0079B32C /* OASignatureProviding.h */,
				6DA75CFD145C12EB0079B32C /* OATestServer.rb */,
				6DA75CFE145C12EB0079B32C /* XOAConsumer.h */,
				6DA75CFF145C12EB0079B32C /* XOAConsumer.m */,
			);
			name = libOAuth;
			path = ../libOAuth/libOAuth;
			sourceTree = "<group>";
		};
		6DA75D0B145C14180079B32C /* Reachability */ = {
			isa = PBXGroup;
			children = (
				6DA75D0C145C14180079B32C /* Reachability.h */,
				6DA75D0D145C14180079B32C /* Reachability.m */,
			);
			name = Reachability;
			path = ../External/Reachability;
			sourceTree = "<group>";
		};
		6DA75D0F145C15BF0079B32C /* json-framework */ = {
			isa = PBXGroup;
			children = (
				6DA75D10145C15BF0079B32C /* NSObject+SBJson.h */,
				6DA75D11145C15BF0079B32C /* NSObject+SBJson.m */,
				6DA75D12145C15BF0079B32C /* SBJson.h */,
				6DA75D13145C15BF0079B32C /* SBJsonParser.h */,
				6DA75D14145C15BF0079B32C /* SBJsonParser.m */,
				6DA75D15145C15BF0079B32C /* SBJsonStreamParser.h */,
				6DA75D16145C15BF0079B32C /* SBJsonStreamParser.m */,
				6DA75D17145C15BF0079B32C /* SBJsonStreamParserAccumulator.h */,
				6DA75D18145C15BF0079B32C /* SBJsonStreamParserAccumulator.m */,
				6DA75D19145C15BF0079B32C /* SBJsonStreamParserAdapter.h */,
				6DA75D1A145C15BF0079B32C /* SBJsonStreamParserAdapter.m */,
				6DA75D1B145C15BF0079B32C /* SBJsonStreamParserState.h */,
				6DA75D1C145C15BF0079B32C /* SBJsonStreamParserState.m */,
				6DA75D1D145C15BF0079B32C /* SBJsonStreamWriter.h */,
				6DA75D1E145C15BF0079B32C /* SBJsonStreamWriter.m */,
				6DA75D1F145C15BF0079B32C /* SBJsonStreamWriterAccumulator.h */,
				6DA75D20145C15BF0079B32C /* SBJsonStreamWriterAccumulator.m */,
				6DA75D21145C15BF0079B32C /* SBJsonStreamWriterState.h */,
				6DA75D22145C15BF0079B32C /* SBJsonStreamWriterState.m */,
				6DA75D23145C15BF0079B32C /* SBJsonTokeniser.h */,
				6DA75D24145C15BF0079B32C /* SBJsonTokeniser.m */,
				6DA75D25145C15BF0079B32C /* SBJsonUTF8Stream.h */,
				6DA75D26145C15BF0079B32C /* SBJsonUTF8Stream.m */,
				6DA75D27145C15BF0079B32C /* SBJsonWriter.h */,
				6DA75D28145C15BF0079B32C /* SBJsonWriter.m */,
			);
			name = "json-framework";
			path = "../submodules/json-framework/Classes";
			sourceTree = "<group>";
		};
		D24E7631145834DA003C91A8 = {
			isa = PBXGroup;
			children = (
				D2E53FCE148148780042B205 /* MessageUI.framework */,
				D2E53F84148129670042B205 /* Sharing */,
				D22F594B14793BEB008918A9 /* Settings.bundle */,
				6DA75CD8145C12EB0079B32C /* include */,
				6DA75CE8145C12EB0079B32C /* libOAuth */,
				6DA75C5F145C12360079B32C /* submodules */,
				D2C67D1E145AA4EA008C3295 /* MapKit.framework */,
				D2C67D1C145AA4DF008C3295 /* libz.1.2.5.dylib */,
				D2C67D19145AA4D5008C3295 /* CoreLocation.framework */,
				D24E7646145834DA003C91A8 /* ImmopolyIPhone */,
				D24E763F145834DA003C91A8 /* Frameworks */,
				D24E763D145834DA003C91A8 /* Products */,
			);
			sourceTree = "<group>";
		};
		D24E763D145834DA003C91A8 /* Products */ = {
			isa = PBXGroup;
			children = (
				D24E763C145834DA003C91A8 /* ImmopolyIPhone.app */,
			);
			name = Products;
			sourceTree = "<group>";
		};
		D24E763F145834DA003C91A8 /* Frameworks */ = {
			isa = PBXGroup;
			children = (
				D24E766E1458362E003C91A8 /* libz.dylib */,
				D24E7668145835BB003C91A8 /* SystemConfiguration.framework */,
				D24E766A145835C5003C91A8 /* MobileCoreServices.framework */,
				D24E766C145835CD003C91A8 /* CFNetwork.framework */,
				D24E7640145834DA003C91A8 /* UIKit.framework */,
				D24E7642145834DA003C91A8 /* Foundation.framework */,
				D24E7644145834DA003C91A8 /* CoreGraphics.framework */,
			);
			name = Frameworks;
			sourceTree = "<group>";
		};
		D24E7646145834DA003C91A8 /* ImmopolyIPhone */ = {
			isa = PBXGroup;
			children = (
				6D368F6114631469003113C5 /* Images */,
				D26633C4145ECD820082875F /* Tasks */,
				D2B12BA0145E98B000AFB625 /* Widges */,
				D2B12B9F145E988200AFB625 /* View Controllers */,
				D2C67D23145AA524008C3295 /* Utilities */,
				D2C67D22145AA516008C3295 /* ModelClasses */,
				D2C67D20145AA504008C3295 /* Protocols */,
				D24E764F145834DA003C91A8 /* AppDelegate.h */,
				D24E7650145834DA003C91A8 /* AppDelegate.m */,
				D24E7647145834DA003C91A8 /* Supporting Files */,
			);
			path = ImmopolyIPhone;
			sourceTree = "<group>";
		};
		D24E7647145834DA003C91A8 /* Supporting Files */ = {
			isa = PBXGroup;
			children = (
				D24E7648145834DA003C91A8 /* ImmopolyIPhone-Info.plist */,
				D24E7649145834DA003C91A8 /* InfoPlist.strings */,
				D24E764C145834DA003C91A8 /* main.m */,
				D24E764E145834DA003C91A8 /* ImmopolyIPhone-Prefix.pch */,
			);
			name = "Supporting Files";
			sourceTree = "<group>";
		};
		D26633C4145ECD820082875F /* Tasks */ = {
			isa = PBXGroup;
			children = (
				D2C67D41145AA565008C3295 /* FlatProvider.h */,
				D2C67D42145AA565008C3295 /* FlatProvider.m */,
				D2C67D3D145AA565008C3295 /* UserLoginTask.h */,
				D2C67D3E145AA565008C3295 /* UserLoginTask.m */,
				D2A09C79145EF935002646A1 /* FlatTakeOverTask.h */,
				D2A09C7A145EF936002646A1 /* FlatTakeOverTask.m */,
				6D0F9A901475849000D0C59F /* UserRegisterTask.h */,
				6D0F9A911475849000D0C59F /* UserRegisterTask.m */,
				D2E53F74148113A20042B205 /* FlatRemoveTask.h */,
				D2E53F75148113A20042B205 /* FlatRemoveTask.m */,
			);
			name = Tasks;
			sourceTree = "<group>";
		};
		D2A785E714841AF400783603 /* History */ = {
			isa = PBXGroup;
			children = (
				D2A786091484257100783603 /* shadow_bottom.png */,
				D2A78607148424C900783603 /* top_bar_history.png */,
				D2A786051484212400783603 /* cell_background.png */,
				D2A785F7148420F700783603 /* history_background.png */,
				D2A785F8148420F700783603 /* icon_minus.png */,
				D2A785F9148420F700783603 /* icon_plus.png */,
				D2A785FC148420F700783603 /* shadow_top.png */,
			);
			name = History;
			sourceTree = "<group>";
		};
		D2B12B9F145E988200AFB625 /* View Controllers */ = {
			isa = PBXGroup;
			children = (
				D2527506145C424200627725 /* PortfolioViewController.h */,
				D2527507145C424200627725 /* PortfolioViewController.m */,
				D2527508145C424200627725 /* PortfolioViewController.xib */,
				4C0149FD145DAD0200293E72 /* LoginViewController.h */,
				4C0149FE145DAD0200293E72 /* LoginViewController.m */,
				4C0149FF145DAD0200293E72 /* LoginViewController.xib */,
				4C014A03145DBE4A00293E72 /* UserProfileViewController.h */,
				4C014A04145DBE4B00293E72 /* UserProfileViewController.m */,
				4C014A05145DBE4B00293E72 /* UserProfileViewController.xib */,
				6DBCBDC5146B214200545897 /* HistoryViewController.h */,
				6DBCBDC6146B214200545897 /* HistoryViewController.m */,
				6DBCBDC7146B214300545897 /* HistoryViewController.xib */,
				D2C67D51145AA596008C3295 /* ImmopolyMapViewController.h */,
				D2C67D52145AA596008C3295 /* ImmopolyMapViewController.m */,
				D2C67D53145AA596008C3295 /* ImmopolyMapViewController.xib */,
				D28E075C145B195D003D83D8 /* WebViewController.h */,
				D28E075D145B195D003D83D8 /* WebViewController.m */,
				D28E0760145B1968003D83D8 /* WebView.xib */,
			);
			name = "View Controllers";
			sourceTree = "<group>";
		};
		D2B12BA0145E98B000AFB625 /* Widges */ = {
			isa = PBXGroup;
			children = (
				6DBCBDCB146B229400545897 /* HistoryCell.xib */,
				6DA75D97145C4B170079B32C /* PortfolioCell.xib */,
			);
			name = Widges;
			sourceTree = "<group>";
		};
		D2C67D20145AA504008C3295 /* Protocols */ = {
			isa = PBXGroup;
			children = (
				4C9C4EDB1471B51A00719E0E /* UserDataDelegate.h */,
				4C9C4EDC1471B51A00719E0E /* NotifyViewDelegate.h */,
				D2C67D24145AA53C008C3295 /* LoginDelegate.h */,
				D2C67D59145AAA15008C3295 /* LocationDelegate.h */,
				D2C67D5A145AAF33008C3295 /* FlatsDelegate.h */,
				6D0F9A941475896900D0C59F /* RegisterDelegate.h */,
			);
			name = Protocols;
			sourceTree = "<group>";
		};
		D2C67D22145AA516008C3295 /* ModelClasses */ = {
			isa = PBXGroup;
			children = (
				D2C67D48145AA57A008C3295 /* Flat.h */,
				D2C67D49145AA57A008C3295 /* Flat.m */,
				D2C67D4A145AA57A008C3295 /* ImmopolyUser.h */,
				D2C67D4B145AA57A008C3295 /* ImmopolyUser.m */,
				D2C67D4C145AA57A008C3295 /* ImmopolyHistory.h */,
				D2C67D4D145AA57A008C3295 /* ImmopolyHistory.m */,
				D2A09C7D145EFC5D002646A1 /* HistoryEntry.h */,
				D2A09C7E145EFC5D002646A1 /* HistoryEntry.m */,
			);
			name = ModelClasses;
			sourceTree = "<group>";
		};
		D2C67D23145AA524008C3295 /* Utilities */ = {
			isa = PBXGroup;
			children = (
				D2E53FC3148136AB0042B205 /* AsynchronousImageView.h */,
				D2E53FC4148136AB0042B205 /* AsynchronousImageView.m */,
				4C9C4ED71471B4E500719E0E /* LoginCheck.h */,
				4C9C4ED81471B4E500719E0E /* LoginCheck.m */,
				D24E766514583589003C91A8 /* OAuthManager.h */,
				D24E766614583589003C91A8 /* OAuthManager.m */,
				D2C67D39145AA565008C3295 /* CoreLocationController.h */,
				D2C67D3A145AA565008C3295 /* CoreLocationController.m */,
				D2C67D3B145AA565008C3295 /* JSONParser.h */,
				D2C67D3C145AA565008C3295 /* JSONParser.m */,
				D2C67D3F145AA565008C3295 /* ImmopolyManager.h */,
				D2C67D40145AA565008C3295 /* ImmopolyManager.m */,
				D2B0A6FA1461DC9A004CB870 /* MessageHandler.h */,
				D2B0A6FB1461DC9A004CB870 /* MessageHandler.m */,
			);
			name = Utilities;
			sourceTree = "<group>";
		};
		D2E53F84148129670042B205 /* Sharing */ = {
			isa = PBXGroup;
			children = (
				D2E53FA4148129AC0042B205 /* FacebookManager.h */,
				D2E53FA5148129AC0042B205 /* FacebookManager.m */,
				D2E53FA6148129AC0042B205 /* FacebookManagerDelegate.h */,
				D2E53F851481298D0042B205 /* FBConnect */,
			);
			name = Sharing;
			sourceTree = "<group>";
		};
		D2E53F851481298D0042B205 /* FBConnect */ = {
			isa = PBXGroup;
			children = (
				D2E53F86148129A20042B205 /* FBConnect.h */,
				D2E53F87148129A20042B205 /* FBConnectGlobal.h */,
				D2E53F88148129A20042B205 /* FBConnectGlobal.m */,
				D2E53F89148129A20042B205 /* FBSession.h */,
				D2E53F8A148129A20042B205 /* FBSession.m */,
				D2E53F8B148129A20042B205 /* FBRequest.h */,
				D2E53F8C148129A20042B205 /* FBRequest.m */,
				D2E53F8D148129A20042B205 /* FBXMLHandler.h */,
				D2E53F8E148129A20042B205 /* FBXMLHandler.m */,
				D2E53F8F148129A20042B205 /* FBLoginButton.h */,
				D2E53F90148129A20042B205 /* FBLoginButton.m */,
				D2E53F91148129A20042B205 /* FBDialog.h */,
				D2E53F92148129A20042B205 /* FBDialog.m */,
				D2E53F93148129A20042B205 /* FBLoginDialog.h */,
				D2E53F94148129A20042B205 /* FBLoginDialog.m */,
				D2E53F95148129A20042B205 /* FBPermissionDialog.h */,
				D2E53F96148129A20042B205 /* FBPermissionDialog.m */,
				D2E53F97148129A20042B205 /* FBStreamDialog.h */,
				D2E53F98148129A20042B205 /* FBStreamDialog.m */,
				D2E53F99148129A20042B205 /* FBConnect.bundle */,
			);
			name = FBConnect;
			sourceTree = "<group>";
		};
/* End PBXGroup section */

/* Begin PBXNativeTarget section */
		D24E763B145834DA003C91A8 /* ImmopolyIPhone */ = {
			isa = PBXNativeTarget;
			buildConfigurationList = D24E765A145834DA003C91A8 /* Build configuration list for PBXNativeTarget "ImmopolyIPhone" */;
			buildPhases = (
				D24E7638145834DA003C91A8 /* Sources */,
				D24E7639145834DA003C91A8 /* Frameworks */,
				D24E763A145834DA003C91A8 /* Resources */,
			);
			buildRules = (
			);
			dependencies = (
			);
			name = ImmopolyIPhone;
			productName = ImmopolyIPhone;
			productReference = D24E763C145834DA003C91A8 /* ImmopolyIPhone.app */;
			productType = "com.apple.product-type.application";
		};
/* End PBXNativeTarget section */

/* Begin PBXProject section */
		D24E7633145834DA003C91A8 /* Project object */ = {
			isa = PBXProject;
			attributes = {
				LastUpgradeCheck = 0420;
			};
			buildConfigurationList = D24E7636145834DA003C91A8 /* Build configuration list for PBXProject "ImmopolyIPhone" */;
			compatibilityVersion = "Xcode 3.2";
			developmentRegion = English;
			hasScannedForEncodings = 0;
			knownRegions = (
				en,
			);
			mainGroup = D24E7631145834DA003C91A8;
			productRefGroup = D24E763D145834DA003C91A8 /* Products */;
			projectDirPath = "";
			projectRoot = "";
			targets = (
				D24E763B145834DA003C91A8 /* ImmopolyIPhone */,
			);
		};
/* End PBXProject section */

/* Begin PBXResourcesBuildPhase section */
		D24E763A145834DA003C91A8 /* Resources */ = {
			isa = PBXResourcesBuildPhase;
			buildActionMask = 2147483647;
			files = (
				D24E764B145834DA003C91A8 /* InfoPlist.strings in Resources */,
				D2C67D55145AA596008C3295 /* ImmopolyMapViewController.xib in Resources */,
				D28E0761145B1968003D83D8 /* WebView.xib in Resources */,
				6DA75D09145C12EC0079B32C /* OATestServer.rb in Resources */,
				D252750A145C424200627725 /* PortfolioViewController.xib in Resources */,
				6DA75D99145C4B180079B32C /* PortfolioCell.xib in Resources */,
				4C014A01145DAD0200293E72 /* LoginViewController.xib in Resources */,
				4C014A07145DBE4C00293E72 /* UserProfileViewController.xib in Resources */,
				6D368F7714632E15003113C5 /* tab_user.png in Resources */,
				6D368F7814632E15003113C5 /* tab_portfolio.png in Resources */,
				6D368F7914632E15003113C5 /* tab_map.png in Resources */,
				6DBCBDC9146B214300545897 /* HistoryViewController.xib in Resources */,
				6DBCBDCC146B229400545897 /* HistoryCell.xib in Resources */,
				6DBCBDCE146B326B00545897 /* tab_history.png in Resources */,
				6D7BC32E146C50160033D3FE /* house_green.png in Resources */,
				6D129CA6146D47EF00CE52F5 /* plate.png in Resources */,
				D22F594C14793BEB008918A9 /* Settings.bundle in Resources */,
				6D0F9AAF14799CE900D0C59F /* house_orange.png in Resources */,
				6D0F9AB014799CE900D0C59F /* house_red.png in Resources */,
				6D0F9AB31479A15400D0C59F /* house_green_selected.png in Resources */,
				D2E53FA3148129A20042B205 /* FBConnect.bundle in Resources */,
				D2E53FC2148133AA0042B205 /* default_house.png in Resources */,
				D2E53FD71481909E0042B205 /* Default@2x.png in Resources */,
				D2A785D11482BD4C00783603 /* Metallicrahmen_Icon_forrent_2_114x114 Kopie.png in Resources */,
				D2A785FE148420F700783603 /* history_background.png in Resources */,
				D2A785FF148420F700783603 /* icon_minus.png in Resources */,
				D2A78600148420F700783603 /* icon_plus.png in Resources */,
				D2A78603148420F700783603 /* shadow_top.png in Resources */,
				D2A786061484212400783603 /* cell_background.png in Resources */,
				D2A78608148424C900783603 /* top_bar_history.png in Resources */,
				D2A7860A1484257100783603 /* shadow_bottom.png in Resources */,
			);
			runOnlyForDeploymentPostprocessing = 0;
		};
/* End PBXResourcesBuildPhase section */

/* Begin PBXSourcesBuildPhase section */
		D24E7638145834DA003C91A8 /* Sources */ = {
			isa = PBXSourcesBuildPhase;
			buildActionMask = 2147483647;
			files = (
				D24E764D145834DA003C91A8 /* main.m in Sources */,
				D24E7651145834DA003C91A8 /* AppDelegate.m in Sources */,
				D24E766714583589003C91A8 /* OAuthManager.m in Sources */,
				D2C67D43145AA565008C3295 /* CoreLocationController.m in Sources */,
				D2C67D44145AA565008C3295 /* JSONParser.m in Sources */,
				D2C67D45145AA565008C3295 /* UserLoginTask.m in Sources */,
				D2C67D46145AA565008C3295 /* ImmopolyManager.m in Sources */,
				D2C67D47145AA565008C3295 /* FlatProvider.m in Sources */,
				D2C67D4E145AA57A008C3295 /* Flat.m in Sources */,
				D2C67D4F145AA57A008C3295 /* ImmopolyUser.m in Sources */,
				D2C67D50145AA57A008C3295 /* ImmopolyHistory.m in Sources */,
				D2C67D54145AA596008C3295 /* ImmopolyMapViewController.m in Sources */,
				D28E075E145B195D003D83D8 /* WebViewController.m in Sources */,
				6DA75CB3145C12580079B32C /* ASIAuthenticationDialog.m in Sources */,
				6DA75CB4145C12580079B32C /* ASIDataCompressor.m in Sources */,
				6DA75CB5145C12580079B32C /* ASIDataDecompressor.m in Sources */,
				6DA75CB6145C12580079B32C /* ASIDownloadCache.m in Sources */,
				6DA75CB7145C12580079B32C /* ASIFormDataRequest.m in Sources */,
				6DA75CB8145C12580079B32C /* ASIHTTPRequest.m in Sources */,
				6DA75CB9145C12580079B32C /* ASIInputStream.m in Sources */,
				6DA75CBA145C12580079B32C /* ASINetworkQueue.m in Sources */,
				6DA75D00145C12EB0079B32C /* NSData+Base64.m in Sources */,
				6DA75D01145C12EC0079B32C /* NSMutableURLRequest+Parameters.m in Sources */,
				6DA75D02145C12EC0079B32C /* NSString+URLEncoding.m in Sources */,
				6DA75D03145C12EC0079B32C /* NSURL+Base.m in Sources */,
				6DA75D04145C12EC0079B32C /* OAConsumer.m in Sources */,
				6DA75D05145C12EC0079B32C /* OAHMAC_SHA1SignatureProvider.m in Sources */,
				6DA75D06145C12EC0079B32C /* OAMutableURLRequest.m in Sources */,
				6DA75D07145C12EC0079B32C /* OAPlaintextSignatureProvider.m in Sources */,
				6DA75D08145C12EC0079B32C /* OARequestParameter.m in Sources */,
				6DA75D0A145C12EC0079B32C /* XOAConsumer.m in Sources */,
				6DA75D0E145C14180079B32C /* Reachability.m in Sources */,
				6DA75D29145C15BF0079B32C /* NSObject+SBJson.m in Sources */,
				6DA75D2A145C15BF0079B32C /* SBJsonParser.m in Sources */,
				6DA75D2B145C15BF0079B32C /* SBJsonStreamParser.m in Sources */,
				6DA75D2C145C15BF0079B32C /* SBJsonStreamParserAccumulator.m in Sources */,
				6DA75D2D145C15BF0079B32C /* SBJsonStreamParserAdapter.m in Sources */,
				6DA75D2E145C15BF0079B32C /* SBJsonStreamParserState.m in Sources */,
				6DA75D2F145C15BF0079B32C /* SBJsonStreamWriter.m in Sources */,
				6DA75D30145C15BF0079B32C /* SBJsonStreamWriterAccumulator.m in Sources */,
				6DA75D31145C15BF0079B32C /* SBJsonStreamWriterState.m in Sources */,
				6DA75D32145C15BF0079B32C /* SBJsonTokeniser.m in Sources */,
				6DA75D33145C15BF0079B32C /* SBJsonUTF8Stream.m in Sources */,
				6DA75D34145C15BF0079B32C /* SBJsonWriter.m in Sources */,
				D2527509145C424200627725 /* PortfolioViewController.m in Sources */,
				4C014A00145DAD0200293E72 /* LoginViewController.m in Sources */,
				4C014A06145DBE4C00293E72 /* UserProfileViewController.m in Sources */,
				D2A09C7B145EF936002646A1 /* FlatTakeOverTask.m in Sources */,
				D2A09C7F145EFC5D002646A1 /* HistoryEntry.m in Sources */,
				D2B0A6FC1461DC9A004CB870 /* MessageHandler.m in Sources */,
				6DBCBDC8146B214300545897 /* HistoryViewController.m in Sources */,
				4C9C4ED91471B4E500719E0E /* LoginCheck.m in Sources */,
				6D0F9A921475849000D0C59F /* UserRegisterTask.m in Sources */,
				D2E53F76148113A20042B205 /* FlatRemoveTask.m in Sources */,
				D2E53F9A148129A20042B205 /* FBConnectGlobal.m in Sources */,
				D2E53F9B148129A20042B205 /* FBSession.m in Sources */,
				D2E53F9C148129A20042B205 /* FBRequest.m in Sources */,
				D2E53F9D148129A20042B205 /* FBXMLHandler.m in Sources */,
				D2E53F9E148129A20042B205 /* FBLoginButton.m in Sources */,
				D2E53F9F148129A20042B205 /* FBDialog.m in Sources */,
				D2E53FA0148129A20042B205 /* FBLoginDialog.m in Sources */,
				D2E53FA1148129A20042B205 /* FBPermissionDialog.m in Sources */,
				D2E53FA2148129A20042B205 /* FBStreamDialog.m in Sources */,
				D2E53FA7148129AC0042B205 /* FacebookManager.m in Sources */,
				D2E53FC5148136AB0042B205 /* AsynchronousImageView.m in Sources */,
			);
			runOnlyForDeploymentPostprocessing = 0;
		};
/* End PBXSourcesBuildPhase section */

/* Begin PBXVariantGroup section */
		D24E7649145834DA003C91A8 /* InfoPlist.strings */ = {
			isa = PBXVariantGroup;
			children = (
				D24E764A145834DA003C91A8 /* en */,
			);
			name = InfoPlist.strings;
			sourceTree = "<group>";
		};
/* End PBXVariantGroup section */

/* Begin XCBuildConfiguration section */
		D24E7658145834DA003C91A8 /* Debug */ = {
			isa = XCBuildConfiguration;
			buildSettings = {
				ALWAYS_SEARCH_USER_PATHS = NO;
				ARCHS = "$(ARCHS_STANDARD_32_BIT)";
				"CODE_SIGN_IDENTITY[sdk=iphoneos*]" = "iPhone Developer";
				COPY_PHASE_STRIP = NO;
				GCC_C_LANGUAGE_STANDARD = gnu99;
				GCC_DYNAMIC_NO_PIC = NO;
				GCC_OPTIMIZATION_LEVEL = 0;
				GCC_PREPROCESSOR_DEFINITIONS = (
					"DEBUG=1",
					"$(inherited)",
				);
				GCC_SYMBOLS_PRIVATE_EXTERN = NO;
				GCC_VERSION = com.apple.compilers.llvm.clang.1_0;
				GCC_WARN_ABOUT_MISSING_PROTOTYPES = YES;
				GCC_WARN_ABOUT_RETURN_TYPE = YES;
				GCC_WARN_UNUSED_VARIABLE = YES;
				IPHONEOS_DEPLOYMENT_TARGET = 5.0;
				SDKROOT = iphoneos;
			};
			name = Debug;
		};
		D24E7659145834DA003C91A8 /* Release */ = {
			isa = XCBuildConfiguration;
			buildSettings = {
				ALWAYS_SEARCH_USER_PATHS = NO;
				ARCHS = "$(ARCHS_STANDARD_32_BIT)";
				"CODE_SIGN_IDENTITY[sdk=iphoneos*]" = "iPhone Developer";
				COPY_PHASE_STRIP = YES;
				GCC_C_LANGUAGE_STANDARD = gnu99;
				GCC_VERSION = com.apple.compilers.llvm.clang.1_0;
				GCC_WARN_ABOUT_MISSING_PROTOTYPES = YES;
				GCC_WARN_ABOUT_RETURN_TYPE = YES;
				GCC_WARN_UNUSED_VARIABLE = YES;
				IPHONEOS_DEPLOYMENT_TARGET = 5.0;
				OTHER_CFLAGS = "-DNS_BLOCK_ASSERTIONS=1";
				SDKROOT = iphoneos;
				VALIDATE_PRODUCT = YES;
			};
			name = Release;
		};
		D24E765B145834DA003C91A8 /* Debug */ = {
			isa = XCBuildConfiguration;
			buildSettings = {
				GCC_PRECOMPILE_PREFIX_HEADER = YES;
				GCC_PREFIX_HEADER = "ImmopolyIPhone/ImmopolyIPhone-Prefix.pch";
				HEADER_SEARCH_PATHS = (
					"../libasi-http-request/include/**",
					"../libOAuth/include__OFF/**",
				);
				INFOPLIST_FILE = "ImmopolyIPhone/ImmopolyIPhone-Info.plist";
				IPHONEOS_DEPLOYMENT_TARGET = 5.0;
				LIBRARY_SEARCH_PATHS = (
					"$(inherited)",
					"\"$(SRCROOT)/../libasi-http-request\"",
					"\"$(SRCROOT)/../libOAuth__OFF\"",
				);
				PRODUCT_NAME = "$(TARGET_NAME)";
				WRAPPER_EXTENSION = app;
			};
			name = Debug;
		};
		D24E765C145834DA003C91A8 /* Release */ = {
			isa = XCBuildConfiguration;
			buildSettings = {
				GCC_PRECOMPILE_PREFIX_HEADER = YES;
				GCC_PREFIX_HEADER = "ImmopolyIPhone/ImmopolyIPhone-Prefix.pch";
				HEADER_SEARCH_PATHS = (
					"../libasi-http-request/include/**",
					"../libOAuth/include__OFF/**",
				);
				INFOPLIST_FILE = "ImmopolyIPhone/ImmopolyIPhone-Info.plist";
				IPHONEOS_DEPLOYMENT_TARGET = 5.0;
				LIBRARY_SEARCH_PATHS = (
					"$(inherited)",
					"\"$(SRCROOT)/../libasi-http-request\"",
					"\"$(SRCROOT)/../libOAuth__OFF\"",
				);
				PRODUCT_NAME = "$(TARGET_NAME)";
				WRAPPER_EXTENSION = app;
			};
			name = Release;
		};
/* End XCBuildConfiguration section */

/* Begin XCConfigurationList section */
		D24E7636145834DA003C91A8 /* Build configuration list for PBXProject "ImmopolyIPhone" */ = {
			isa = XCConfigurationList;
			buildConfigurations = (
				D24E7658145834DA003C91A8 /* Debug */,
				D24E7659145834DA003C91A8 /* Release */,
			);
			defaultConfigurationIsVisible = 0;
			defaultConfigurationName = Release;
		};
		D24E765A145834DA003C91A8 /* Build configuration list for PBXNativeTarget "ImmopolyIPhone" */ = {
			isa = XCConfigurationList;
			buildConfigurations = (
				D24E765B145834DA003C91A8 /* Debug */,
				D24E765C145834DA003C91A8 /* Release */,
			);
			defaultConfigurationIsVisible = 0;
			defaultConfigurationName = Release;
		};
/* End XCConfigurationList section */
	};
	rootObject = D24E7633145834DA003C91A8 /* Project object */;
}
